// !$*UTF8*$!
{
	archiveVersion = 1;
	classes = {
	};
	objectVersion = 46;
	objects = {

/* Begin PBXBuildFile section */
		1AC6FB21180E996B004C840B /* libcocos2d Mac.a in Frameworks */ = {isa = PBXBuildFile; fileRef = 1AC6FAF9180E9839004C840B /* libcocos2d Mac.a */; };
		1AC6FB30180E99EB004C840B /* libcocos2d iOS.a in Frameworks */ = {isa = PBXBuildFile; fileRef = 1AC6FB07180E9839004C840B /* libcocos2d iOS.a */; };
		1D60589F0D05DD5A006BFB54 /* Foundation.framework in Frameworks */ = {isa = PBXBuildFile; fileRef = 1D30AB110D05D00D00671497 /* Foundation.framework */; };
		1DF5F4E00D08C38300B7A737 /* UIKit.framework in Frameworks */ = {isa = PBXBuildFile; fileRef = 1DF5F4DF0D08C38300B7A737 /* UIKit.framework */; };
		210961081CAE217B0049C266 /* sunflower1.png in Resources */ = {isa = PBXBuildFile; fileRef = 210960F61CAE217B0049C266 /* sunflower1.png */; };
		210961091CAE217B0049C266 /* sunflower1.png in Resources */ = {isa = PBXBuildFile; fileRef = 210960F61CAE217B0049C266 /* sunflower1.png */; };
		2109610A1CAE217B0049C266 /* sunflower2.png in Resources */ = {isa = PBXBuildFile; fileRef = 210960F71CAE217B0049C266 /* sunflower2.png */; };
		2109610B1CAE217B0049C266 /* sunflower2.png in Resources */ = {isa = PBXBuildFile; fileRef = 210960F71CAE217B0049C266 /* sunflower2.png */; };
		2109610C1CAE217B0049C266 /* sunflower3.png in Resources */ = {isa = PBXBuildFile; fileRef = 210960F81CAE217B0049C266 /* sunflower3.png */; };
		2109610D1CAE217B0049C266 /* sunflower3.png in Resources */ = {isa = PBXBuildFile; fileRef = 210960F81CAE217B0049C266 /* sunflower3.png */; };
		2109610E1CAE217B0049C266 /* sunflower4.png in Resources */ = {isa = PBXBuildFile; fileRef = 210960F91CAE217B0049C266 /* sunflower4.png */; };
		2109610F1CAE217B0049C266 /* sunflower4.png in Resources */ = {isa = PBXBuildFile; fileRef = 210960F91CAE217B0049C266 /* sunflower4.png */; };
		210961101CAE217B0049C266 /* sunflower5.png in Resources */ = {isa = PBXBuildFile; fileRef = 210960FA1CAE217B0049C266 /* sunflower5.png */; };
		210961111CAE217B0049C266 /* sunflower5.png in Resources */ = {isa = PBXBuildFile; fileRef = 210960FA1CAE217B0049C266 /* sunflower5.png */; };
		210961121CAE217B0049C266 /* sunflower6.png in Resources */ = {isa = PBXBuildFile; fileRef = 210960FB1CAE217B0049C266 /* sunflower6.png */; };
		210961131CAE217B0049C266 /* sunflower6.png in Resources */ = {isa = PBXBuildFile; fileRef = 210960FB1CAE217B0049C266 /* sunflower6.png */; };
		210961141CAE217B0049C266 /* sunflower7.png in Resources */ = {isa = PBXBuildFile; fileRef = 210960FC1CAE217B0049C266 /* sunflower7.png */; };
		210961151CAE217B0049C266 /* sunflower7.png in Resources */ = {isa = PBXBuildFile; fileRef = 210960FC1CAE217B0049C266 /* sunflower7.png */; };
		210961161CAE217B0049C266 /* sunflower8.png in Resources */ = {isa = PBXBuildFile; fileRef = 210960FD1CAE217B0049C266 /* sunflower8.png */; };
		210961171CAE217B0049C266 /* sunflower8.png in Resources */ = {isa = PBXBuildFile; fileRef = 210960FD1CAE217B0049C266 /* sunflower8.png */; };
		210961181CAE217B0049C266 /* sunflower9.png in Resources */ = {isa = PBXBuildFile; fileRef = 210960FE1CAE217B0049C266 /* sunflower9.png */; };
		210961191CAE217B0049C266 /* sunflower9.png in Resources */ = {isa = PBXBuildFile; fileRef = 210960FE1CAE217B0049C266 /* sunflower9.png */; };
		2109611A1CAE217B0049C266 /* sunflower10.png in Resources */ = {isa = PBXBuildFile; fileRef = 210960FF1CAE217B0049C266 /* sunflower10.png */; };
		2109611B1CAE217B0049C266 /* sunflower10.png in Resources */ = {isa = PBXBuildFile; fileRef = 210960FF1CAE217B0049C266 /* sunflower10.png */; };
		2109611C1CAE217B0049C266 /* sunflower11.png in Resources */ = {isa = PBXBuildFile; fileRef = 210961001CAE217B0049C266 /* sunflower11.png */; };
		2109611D1CAE217B0049C266 /* sunflower11.png in Resources */ = {isa = PBXBuildFile; fileRef = 210961001CAE217B0049C266 /* sunflower11.png */; };
		2109611E1CAE217B0049C266 /* sunflower12.png in Resources */ = {isa = PBXBuildFile; fileRef = 210961011CAE217B0049C266 /* sunflower12.png */; };
		2109611F1CAE217B0049C266 /* sunflower12.png in Resources */ = {isa = PBXBuildFile; fileRef = 210961011CAE217B0049C266 /* sunflower12.png */; };
		210961201CAE217B0049C266 /* sunflower13.png in Resources */ = {isa = PBXBuildFile; fileRef = 210961021CAE217B0049C266 /* sunflower13.png */; };
		210961211CAE217B0049C266 /* sunflower13.png in Resources */ = {isa = PBXBuildFile; fileRef = 210961021CAE217B0049C266 /* sunflower13.png */; };
		210961221CAE217B0049C266 /* sunflower14.png in Resources */ = {isa = PBXBuildFile; fileRef = 210961031CAE217B0049C266 /* sunflower14.png */; };
		210961231CAE217B0049C266 /* sunflower14.png in Resources */ = {isa = PBXBuildFile; fileRef = 210961031CAE217B0049C266 /* sunflower14.png */; };
		210961241CAE217B0049C266 /* sunflower15.png in Resources */ = {isa = PBXBuildFile; fileRef = 210961041CAE217B0049C266 /* sunflower15.png */; };
		210961251CAE217B0049C266 /* sunflower15.png in Resources */ = {isa = PBXBuildFile; fileRef = 210961041CAE217B0049C266 /* sunflower15.png */; };
		210961261CAE217B0049C266 /* sunflower16.png in Resources */ = {isa = PBXBuildFile; fileRef = 210961051CAE217B0049C266 /* sunflower16.png */; };
		210961271CAE217B0049C266 /* sunflower16.png in Resources */ = {isa = PBXBuildFile; fileRef = 210961051CAE217B0049C266 /* sunflower16.png */; };
		210961281CAE217B0049C266 /* sunflower17.png in Resources */ = {isa = PBXBuildFile; fileRef = 210961061CAE217B0049C266 /* sunflower17.png */; };
		210961291CAE217B0049C266 /* sunflower17.png in Resources */ = {isa = PBXBuildFile; fileRef = 210961061CAE217B0049C266 /* sunflower17.png */; };
		2109612A1CAE217B0049C266 /* sunflower18.png in Resources */ = {isa = PBXBuildFile; fileRef = 210961071CAE217B0049C266 /* sunflower18.png */; };
		2109612B1CAE217B0049C266 /* sunflower18.png in Resources */ = {isa = PBXBuildFile; fileRef = 210961071CAE217B0049C266 /* sunflower18.png */; };
		2109612E1CAE24740049C266 /* SunFlower.cpp in Sources */ = {isa = PBXBuildFile; fileRef = 2109612C1CAE24740049C266 /* SunFlower.cpp */; };
		2109612F1CAE24740049C266 /* SunFlower.cpp in Sources */ = {isa = PBXBuildFile; fileRef = 2109612C1CAE24740049C266 /* SunFlower.cpp */; };
		210961361CAE353A0049C266 /* wandou.png in Resources */ = {isa = PBXBuildFile; fileRef = 210961351CAE353A0049C266 /* wandou.png */; };
		210961371CAE353A0049C266 /* wandou.png in Resources */ = {isa = PBXBuildFile; fileRef = 210961351CAE353A0049C266 /* wandou.png */; };
		210EC7141CAE780300879FAA /* sun1.png in Resources */ = {isa = PBXBuildFile; fileRef = 210EC7101CAE780300879FAA /* sun1.png */; };
		210EC7151CAE780300879FAA /* sun1.png in Resources */ = {isa = PBXBuildFile; fileRef = 210EC7101CAE780300879FAA /* sun1.png */; };
		210EC7161CAE780300879FAA /* sun3.png in Resources */ = {isa = PBXBuildFile; fileRef = 210EC7111CAE780300879FAA /* sun3.png */; };
		210EC7171CAE780300879FAA /* sun3.png in Resources */ = {isa = PBXBuildFile; fileRef = 210EC7111CAE780300879FAA /* sun3.png */; };
		210EC7181CAE780300879FAA /* sun4.png in Resources */ = {isa = PBXBuildFile; fileRef = 210EC7121CAE780300879FAA /* sun4.png */; };
		210EC7191CAE780300879FAA /* sun4.png in Resources */ = {isa = PBXBuildFile; fileRef = 210EC7121CAE780300879FAA /* sun4.png */; };
		210EC71A1CAE780300879FAA /* sun2.png in Resources */ = {isa = PBXBuildFile; fileRef = 210EC7131CAE780300879FAA /* sun2.png */; };
		210EC71B1CAE780300879FAA /* sun2.png in Resources */ = {isa = PBXBuildFile; fileRef = 210EC7131CAE780300879FAA /* sun2.png */; };
		211B6EC71CAD67E600EAB7EE /* plant.png in Resources */ = {isa = PBXBuildFile; fileRef = 211B6EC61CAD67E600EAB7EE /* plant.png */; };
		211B6EC91CAD681A00EAB7EE /* plant.json in Resources */ = {isa = PBXBuildFile; fileRef = 211B6EC81CAD681A00EAB7EE /* plant.json */; };
		211B6ECA1CAD681A00EAB7EE /* plant.json in Resources */ = {isa = PBXBuildFile; fileRef = 211B6EC81CAD681A00EAB7EE /* plant.json */; };
		211B6ECE1CAD6AD600EAB7EE /* FlashTool.cpp in Sources */ = {isa = PBXBuildFile; fileRef = 211B6ECC1CAD6AD600EAB7EE /* FlashTool.cpp */; };
		211B6ECF1CAD6AD600EAB7EE /* FlashTool.cpp in Sources */ = {isa = PBXBuildFile; fileRef = 211B6ECC1CAD6AD600EAB7EE /* FlashTool.cpp */; };
		212AE6BE1CB79E4000520633 /* CountDownLabel.cpp in Sources */ = {isa = PBXBuildFile; fileRef = 212AE6BC1CB79E4000520633 /* CountDownLabel.cpp */; };
		212AE6BF1CB79E4000520633 /* CountDownLabel.cpp in Sources */ = {isa = PBXBuildFile; fileRef = 212AE6BC1CB79E4000520633 /* CountDownLabel.cpp */; };
		212BE07E1CAD1EDA00F72388 /* MainGameScene.cpp in Sources */ = {isa = PBXBuildFile; fileRef = 212BE07C1CAD1EDA00F72388 /* MainGameScene.cpp */; };
		212BE07F1CAD1EDA00F72388 /* MainGameScene.cpp in Sources */ = {isa = PBXBuildFile; fileRef = 212BE07C1CAD1EDA00F72388 /* MainGameScene.cpp */; };
		212BE0821CAD22DE00F72388 /* GrassGround.cpp in Sources */ = {isa = PBXBuildFile; fileRef = 212BE0801CAD22DE00F72388 /* GrassGround.cpp */; };
		212BE0831CAD22DE00F72388 /* GrassGround.cpp in Sources */ = {isa = PBXBuildFile; fileRef = 212BE0801CAD22DE00F72388 /* GrassGround.cpp */; };
		212BE0B61CAD2FFF00F72388 /* background.png in Resources */ = {isa = PBXBuildFile; fileRef = 212BE0B51CAD2FFF00F72388 /* background.png */; };
		212BE0B71CAD301A00F72388 /* background.png in Resources */ = {isa = PBXBuildFile; fileRef = 212BE0B51CAD2FFF00F72388 /* background.png */; };
		212BE0B91CAD31FA00F72388 /* small-1.png in Resources */ = {isa = PBXBuildFile; fileRef = 212BE0B81CAD31FA00F72388 /* small-1.png */; };
		212BE0BA1CAD31FF00F72388 /* small-1.png in Resources */ = {isa = PBXBuildFile; fileRef = 212BE0B81CAD31FA00F72388 /* small-1.png */; };
		2146DC291CAD728A00EA97F7 /* plant.png in Resources */ = {isa = PBXBuildFile; fileRef = 211B6EC61CAD67E600EAB7EE /* plant.png */; };
		2146DC391CAD78BD00EA97F7 /* zombie1.png in Resources */ = {isa = PBXBuildFile; fileRef = 2146DC2B1CAD78BD00EA97F7 /* zombie1.png */; };
		2146DC3A1CAD78BD00EA97F7 /* zombie1.png in Resources */ = {isa = PBXBuildFile; fileRef = 2146DC2B1CAD78BD00EA97F7 /* zombie1.png */; };
		2146DC3B1CAD78BD00EA97F7 /* zombie2.png in Resources */ = {isa = PBXBuildFile; fileRef = 2146DC2C1CAD78BD00EA97F7 /* zombie2.png */; };
		2146DC3C1CAD78BD00EA97F7 /* zombie2.png in Resources */ = {isa = PBXBuildFile; fileRef = 2146DC2C1CAD78BD00EA97F7 /* zombie2.png */; };
		2146DC3D1CAD78BD00EA97F7 /* zombie3.png in Resources */ = {isa = PBXBuildFile; fileRef = 2146DC2D1CAD78BD00EA97F7 /* zombie3.png */; };
		2146DC3E1CAD78BD00EA97F7 /* zombie3.png in Resources */ = {isa = PBXBuildFile; fileRef = 2146DC2D1CAD78BD00EA97F7 /* zombie3.png */; };
		2146DC3F1CAD78BD00EA97F7 /* zombie4.png in Resources */ = {isa = PBXBuildFile; fileRef = 2146DC2E1CAD78BD00EA97F7 /* zombie4.png */; };
		2146DC401CAD78BD00EA97F7 /* zombie4.png in Resources */ = {isa = PBXBuildFile; fileRef = 2146DC2E1CAD78BD00EA97F7 /* zombie4.png */; };
		2146DC411CAD78BD00EA97F7 /* zombie5.png in Resources */ = {isa = PBXBuildFile; fileRef = 2146DC2F1CAD78BD00EA97F7 /* zombie5.png */; };
		2146DC421CAD78BD00EA97F7 /* zombie5.png in Resources */ = {isa = PBXBuildFile; fileRef = 2146DC2F1CAD78BD00EA97F7 /* zombie5.png */; };
		2146DC431CAD78BD00EA97F7 /* zombie6.png in Resources */ = {isa = PBXBuildFile; fileRef = 2146DC301CAD78BD00EA97F7 /* zombie6.png */; };
		2146DC441CAD78BD00EA97F7 /* zombie6.png in Resources */ = {isa = PBXBuildFile; fileRef = 2146DC301CAD78BD00EA97F7 /* zombie6.png */; };
		2146DC451CAD78BD00EA97F7 /* zombie7.png in Resources */ = {isa = PBXBuildFile; fileRef = 2146DC311CAD78BD00EA97F7 /* zombie7.png */; };
		2146DC461CAD78BD00EA97F7 /* zombie7.png in Resources */ = {isa = PBXBuildFile; fileRef = 2146DC311CAD78BD00EA97F7 /* zombie7.png */; };
		2146DC471CAD78BD00EA97F7 /* zombie8.png in Resources */ = {isa = PBXBuildFile; fileRef = 2146DC321CAD78BD00EA97F7 /* zombie8.png */; };
		2146DC481CAD78BD00EA97F7 /* zombie8.png in Resources */ = {isa = PBXBuildFile; fileRef = 2146DC321CAD78BD00EA97F7 /* zombie8.png */; };
		2146DC491CAD78BD00EA97F7 /* zombie9.png in Resources */ = {isa = PBXBuildFile; fileRef = 2146DC331CAD78BD00EA97F7 /* zombie9.png */; };
		2146DC4A1CAD78BD00EA97F7 /* zombie9.png in Resources */ = {isa = PBXBuildFile; fileRef = 2146DC331CAD78BD00EA97F7 /* zombie9.png */; };
		2146DC4B1CAD78BD00EA97F7 /* zombie10.png in Resources */ = {isa = PBXBuildFile; fileRef = 2146DC341CAD78BD00EA97F7 /* zombie10.png */; };
		2146DC4C1CAD78BD00EA97F7 /* zombie10.png in Resources */ = {isa = PBXBuildFile; fileRef = 2146DC341CAD78BD00EA97F7 /* zombie10.png */; };
		2146DC4D1CAD78BD00EA97F7 /* zombie11.png in Resources */ = {isa = PBXBuildFile; fileRef = 2146DC351CAD78BD00EA97F7 /* zombie11.png */; };
		2146DC4E1CAD78BD00EA97F7 /* zombie11.png in Resources */ = {isa = PBXBuildFile; fileRef = 2146DC351CAD78BD00EA97F7 /* zombie11.png */; };
		2146DC4F1CAD78BD00EA97F7 /* zombie12.png in Resources */ = {isa = PBXBuildFile; fileRef = 2146DC361CAD78BD00EA97F7 /* zombie12.png */; };
		2146DC501CAD78BD00EA97F7 /* zombie12.png in Resources */ = {isa = PBXBuildFile; fileRef = 2146DC361CAD78BD00EA97F7 /* zombie12.png */; };
		2146DC511CAD78BD00EA97F7 /* zombie13.png in Resources */ = {isa = PBXBuildFile; fileRef = 2146DC371CAD78BD00EA97F7 /* zombie13.png */; };
		2146DC521CAD78BD00EA97F7 /* zombie13.png in Resources */ = {isa = PBXBuildFile; fileRef = 2146DC371CAD78BD00EA97F7 /* zombie13.png */; };
		2146DC531CAD78BD00EA97F7 /* zombie14.png in Resources */ = {isa = PBXBuildFile; fileRef = 2146DC381CAD78BD00EA97F7 /* zombie14.png */; };
		2146DC541CAD78BD00EA97F7 /* zombie14.png in Resources */ = {isa = PBXBuildFile; fileRef = 2146DC381CAD78BD00EA97F7 /* zombie14.png */; };
		2146DC571CAD78DD00EA97F7 /* Zombie.cpp in Sources */ = {isa = PBXBuildFile; fileRef = 2146DC551CAD78DD00EA97F7 /* Zombie.cpp */; };
		2146DC581CAD78DD00EA97F7 /* Zombie.cpp in Sources */ = {isa = PBXBuildFile; fileRef = 2146DC551CAD78DD00EA97F7 /* Zombie.cpp */; };
		214EA6F01CAFFCA600AC1BA1 /* Sun.cpp in Sources */ = {isa = PBXBuildFile; fileRef = 214EA6EE1CAFFCA600AC1BA1 /* Sun.cpp */; };
		214EA6F11CAFFCA600AC1BA1 /* Sun.cpp in Sources */ = {isa = PBXBuildFile; fileRef = 214EA6EE1CAFFCA600AC1BA1 /* Sun.cpp */; };
		215BDC8A1CAE47F5009195AD /* Bean.cpp in Sources */ = {isa = PBXBuildFile; fileRef = 215BDC881CAE47F5009195AD /* Bean.cpp */; };
		215BDC8B1CAE47F5009195AD /* Bean.cpp in Sources */ = {isa = PBXBuildFile; fileRef = 215BDC881CAE47F5009195AD /* Bean.cpp */; };
		2173759F1CAD3900000EBE00 /* Plant.cpp in Sources */ = {isa = PBXBuildFile; fileRef = 2173759D1CAD3900000EBE00 /* Plant.cpp */; };
		217375A01CAD3900000EBE00 /* Plant.cpp in Sources */ = {isa = PBXBuildFile; fileRef = 2173759D1CAD3900000EBE00 /* Plant.cpp */; };
		21CA99191CB4A601007CA136 /* GameOverScene.cpp in Sources */ = {isa = PBXBuildFile; fileRef = 21CA99171CB4A601007CA136 /* GameOverScene.cpp */; };
		21CA991A1CB4A601007CA136 /* GameOverScene.cpp in Sources */ = {isa = PBXBuildFile; fileRef = 21CA99171CB4A601007CA136 /* GameOverScene.cpp */; };
		21DECECC1CB3A5E1001362F8 /* BeanShooter.cpp in Sources */ = {isa = PBXBuildFile; fileRef = 21DECECA1CB3A5E1001362F8 /* BeanShooter.cpp */; };
		21DECECD1CB3A5E1001362F8 /* BeanShooter.cpp in Sources */ = {isa = PBXBuildFile; fileRef = 21DECECA1CB3A5E1001362F8 /* BeanShooter.cpp */; };
		21DECED21CB3C187001362F8 /* GameController.cpp in Sources */ = {isa = PBXBuildFile; fileRef = 21DECED01CB3C187001362F8 /* GameController.cpp */; };
		21DECED31CB3C187001362F8 /* GameController.cpp in Sources */ = {isa = PBXBuildFile; fileRef = 21DECED01CB3C187001362F8 /* GameController.cpp */; };
		21FA00421CB644A400C37D48 /* sunflower.png in Resources */ = {isa = PBXBuildFile; fileRef = 21FA00401CB644A400C37D48 /* sunflower.png */; };
		21FA00431CB644A400C37D48 /* zombie.png in Resources */ = {isa = PBXBuildFile; fileRef = 21FA00411CB644A400C37D48 /* zombie.png */; };
		21FA00451CB6456F00C37D48 /* plant1.png in Resources */ = {isa = PBXBuildFile; fileRef = 21FA00441CB6456F00C37D48 /* plant1.png */; };
		21FA00461CB6478700C37D48 /* sunflower.png in Resources */ = {isa = PBXBuildFile; fileRef = 21FA00401CB644A400C37D48 /* sunflower.png */; };
		21FA00471CB652E700C37D48 /* zombie.png in Resources */ = {isa = PBXBuildFile; fileRef = 21FA00411CB644A400C37D48 /* zombie.png */; };
		21FA00481CB652EC00C37D48 /* plant1.png in Resources */ = {isa = PBXBuildFile; fileRef = 21FA00441CB6456F00C37D48 /* plant1.png */; };
		288765A50DF7441C002DB57D /* CoreGraphics.framework in Frameworks */ = {isa = PBXBuildFile; fileRef = 288765A40DF7441C002DB57D /* CoreGraphics.framework */; };
		3EACC98F19EE6D4300EB3C5E /* res in Resources */ = {isa = PBXBuildFile; fileRef = 3EACC98E19EE6D4300EB3C5E /* res */; };
		3EACC99019EE6D4300EB3C5E /* res in Resources */ = {isa = PBXBuildFile; fileRef = 3EACC98E19EE6D4300EB3C5E /* res */; };
		46880B7B19C43A67006E1F66 /* CloseNormal.png in Resources */ = {isa = PBXBuildFile; fileRef = 46880B7619C43A67006E1F66 /* CloseNormal.png */; };
		46880B7C19C43A67006E1F66 /* CloseNormal.png in Resources */ = {isa = PBXBuildFile; fileRef = 46880B7619C43A67006E1F66 /* CloseNormal.png */; };
		46880B7D19C43A67006E1F66 /* CloseSelected.png in Resources */ = {isa = PBXBuildFile; fileRef = 46880B7719C43A67006E1F66 /* CloseSelected.png */; };
		46880B7E19C43A67006E1F66 /* CloseSelected.png in Resources */ = {isa = PBXBuildFile; fileRef = 46880B7719C43A67006E1F66 /* CloseSelected.png */; };
		46880B8119C43A67006E1F66 /* HelloWorld.png in Resources */ = {isa = PBXBuildFile; fileRef = 46880B7A19C43A67006E1F66 /* HelloWorld.png */; };
		46880B8219C43A67006E1F66 /* HelloWorld.png in Resources */ = {isa = PBXBuildFile; fileRef = 46880B7A19C43A67006E1F66 /* HelloWorld.png */; };
		46880B8819C43A87006E1F66 /* AppDelegate.cpp in Sources */ = {isa = PBXBuildFile; fileRef = 46880B8419C43A87006E1F66 /* AppDelegate.cpp */; };
		46880B8919C43A87006E1F66 /* AppDelegate.cpp in Sources */ = {isa = PBXBuildFile; fileRef = 46880B8419C43A87006E1F66 /* AppDelegate.cpp */; };
		46880B8A19C43A87006E1F66 /* HelloWorldScene.cpp in Sources */ = {isa = PBXBuildFile; fileRef = 46880B8619C43A87006E1F66 /* HelloWorldScene.cpp */; };
		46880B8B19C43A87006E1F66 /* HelloWorldScene.cpp in Sources */ = {isa = PBXBuildFile; fileRef = 46880B8619C43A87006E1F66 /* HelloWorldScene.cpp */; };
		503AE0F817EB97AB00D1A890 /* Icon.icns in Resources */ = {isa = PBXBuildFile; fileRef = 503AE0F617EB97AB00D1A890 /* Icon.icns */; };
		503AE10017EB989F00D1A890 /* AppController.mm in Sources */ = {isa = PBXBuildFile; fileRef = 503AE0FB17EB989F00D1A890 /* AppController.mm */; };
		503AE10117EB989F00D1A890 /* main.m in Sources */ = {isa = PBXBuildFile; fileRef = 503AE0FC17EB989F00D1A890 /* main.m */; };
		503AE10217EB989F00D1A890 /* RootViewController.mm in Sources */ = {isa = PBXBuildFile; fileRef = 503AE0FF17EB989F00D1A890 /* RootViewController.mm */; };
		503AE10517EB98FF00D1A890 /* main.cpp in Sources */ = {isa = PBXBuildFile; fileRef = 503AE10317EB98FF00D1A890 /* main.cpp */; };
		503AE11B17EB9C5A00D1A890 /* IOKit.framework in Frameworks */ = {isa = PBXBuildFile; fileRef = 503AE11A17EB9C5A00D1A890 /* IOKit.framework */; };
		5087E76317EB910900C73F5D /* Foundation.framework in Frameworks */ = {isa = PBXBuildFile; fileRef = 1D30AB110D05D00D00671497 /* Foundation.framework */; };
		5087E76717EB910900C73F5D /* libz.dylib in Frameworks */ = {isa = PBXBuildFile; fileRef = BF170DB412928DE900B8313A /* libz.dylib */; };
		5087E76817EB910900C73F5D /* QuartzCore.framework in Frameworks */ = {isa = PBXBuildFile; fileRef = BF1C47EA1293683800B63C5D /* QuartzCore.framework */; };
		5087E76917EB910900C73F5D /* OpenAL.framework in Frameworks */ = {isa = PBXBuildFile; fileRef = D44C620B132DFF330009C878 /* OpenAL.framework */; };
		5087E76A17EB910900C73F5D /* AVFoundation.framework in Frameworks */ = {isa = PBXBuildFile; fileRef = D44C620D132DFF430009C878 /* AVFoundation.framework */; };
		5087E76B17EB910900C73F5D /* AudioToolbox.framework in Frameworks */ = {isa = PBXBuildFile; fileRef = D44C620F132DFF4E0009C878 /* AudioToolbox.framework */; };
		5087E77D17EB970100C73F5D /* Default-568h@2x.png in Resources */ = {isa = PBXBuildFile; fileRef = 5087E77217EB970100C73F5D /* Default-568h@2x.png */; };
		5087E77E17EB970100C73F5D /* Default.png in Resources */ = {isa = PBXBuildFile; fileRef = 5087E77317EB970100C73F5D /* Default.png */; };
		5087E77F17EB970100C73F5D /* Default@2x.png in Resources */ = {isa = PBXBuildFile; fileRef = 5087E77417EB970100C73F5D /* Default@2x.png */; };
		5087E78017EB970100C73F5D /* Icon-114.png in Resources */ = {isa = PBXBuildFile; fileRef = 5087E77517EB970100C73F5D /* Icon-114.png */; };
		5087E78117EB970100C73F5D /* Icon-120.png in Resources */ = {isa = PBXBuildFile; fileRef = 5087E77617EB970100C73F5D /* Icon-120.png */; };
		5087E78217EB970100C73F5D /* Icon-144.png in Resources */ = {isa = PBXBuildFile; fileRef = 5087E77717EB970100C73F5D /* Icon-144.png */; };
		5087E78317EB970100C73F5D /* Icon-152.png in Resources */ = {isa = PBXBuildFile; fileRef = 5087E77817EB970100C73F5D /* Icon-152.png */; };
		5087E78417EB970100C73F5D /* Icon-57.png in Resources */ = {isa = PBXBuildFile; fileRef = 5087E77917EB970100C73F5D /* Icon-57.png */; };
		5087E78517EB970100C73F5D /* Icon-72.png in Resources */ = {isa = PBXBuildFile; fileRef = 5087E77A17EB970100C73F5D /* Icon-72.png */; };
		5087E78617EB970100C73F5D /* Icon-76.png in Resources */ = {isa = PBXBuildFile; fileRef = 5087E77B17EB970100C73F5D /* Icon-76.png */; };
		5087E78917EB974C00C73F5D /* AppKit.framework in Frameworks */ = {isa = PBXBuildFile; fileRef = 5087E78817EB974C00C73F5D /* AppKit.framework */; };
		5087E78B17EB975400C73F5D /* OpenGL.framework in Frameworks */ = {isa = PBXBuildFile; fileRef = 5087E78A17EB975400C73F5D /* OpenGL.framework */; };
		50EF629617ECD46A001EB2F8 /* Icon-40.png in Resources */ = {isa = PBXBuildFile; fileRef = 50EF629217ECD46A001EB2F8 /* Icon-40.png */; };
		50EF629717ECD46A001EB2F8 /* Icon-58.png in Resources */ = {isa = PBXBuildFile; fileRef = 50EF629317ECD46A001EB2F8 /* Icon-58.png */; };
		50EF629817ECD46A001EB2F8 /* Icon-80.png in Resources */ = {isa = PBXBuildFile; fileRef = 50EF629417ECD46A001EB2F8 /* Icon-80.png */; };
		50EF629917ECD46A001EB2F8 /* Icon-100.png in Resources */ = {isa = PBXBuildFile; fileRef = 50EF629517ECD46A001EB2F8 /* Icon-100.png */; };
		50EF62A217ECD613001EB2F8 /* Icon-29.png in Resources */ = {isa = PBXBuildFile; fileRef = 50EF62A017ECD613001EB2F8 /* Icon-29.png */; };
		50EF62A317ECD613001EB2F8 /* Icon-50.png in Resources */ = {isa = PBXBuildFile; fileRef = 50EF62A117ECD613001EB2F8 /* Icon-50.png */; };
		521A8E6419F0C34300D177D7 /* Default-667h@2x.png in Resources */ = {isa = PBXBuildFile; fileRef = 521A8E6219F0C34300D177D7 /* Default-667h@2x.png */; };
		521A8E6519F0C34300D177D7 /* Default-736h@3x.png in Resources */ = {isa = PBXBuildFile; fileRef = 521A8E6319F0C34300D177D7 /* Default-736h@3x.png */; };
		521A8EA919F11F5000D177D7 /* fonts in Resources */ = {isa = PBXBuildFile; fileRef = 521A8EA819F11F5000D177D7 /* fonts */; };
		521A8EAA19F11F5000D177D7 /* fonts in Resources */ = {isa = PBXBuildFile; fileRef = 521A8EA819F11F5000D177D7 /* fonts */; };
		52B47A471A53D09C004E4C60 /* Security.framework in Frameworks */ = {isa = PBXBuildFile; fileRef = 52B47A461A53D09B004E4C60 /* Security.framework */; };
		8262943E1AAF051F00CB7CF7 /* Security.framework in Frameworks */ = {isa = PBXBuildFile; fileRef = 8262943D1AAF051F00CB7CF7 /* Security.framework */; };
		BF171245129291EC00B8313A /* OpenGLES.framework in Frameworks */ = {isa = PBXBuildFile; fileRef = BF170DB012928DE900B8313A /* OpenGLES.framework */; };
		BF1712471292920000B8313A /* libz.dylib in Frameworks */ = {isa = PBXBuildFile; fileRef = BF170DB412928DE900B8313A /* libz.dylib */; };
		BF1C47F01293687400B63C5D /* QuartzCore.framework in Frameworks */ = {isa = PBXBuildFile; fileRef = BF1C47EA1293683800B63C5D /* QuartzCore.framework */; };
		D44C620C132DFF330009C878 /* OpenAL.framework in Frameworks */ = {isa = PBXBuildFile; fileRef = D44C620B132DFF330009C878 /* OpenAL.framework */; };
		D44C620E132DFF430009C878 /* AVFoundation.framework in Frameworks */ = {isa = PBXBuildFile; fileRef = D44C620D132DFF430009C878 /* AVFoundation.framework */; };
		D44C6210132DFF4E0009C878 /* AudioToolbox.framework in Frameworks */ = {isa = PBXBuildFile; fileRef = D44C620F132DFF4E0009C878 /* AudioToolbox.framework */; };
		D6B0611B1803AB670077942B /* CoreMotion.framework in Frameworks */ = {isa = PBXBuildFile; fileRef = D6B0611A1803AB670077942B /* CoreMotion.framework */; };
		ED545A7C1B68A1F400C3958E /* libiconv.dylib in Frameworks */ = {isa = PBXBuildFile; fileRef = ED545A7B1B68A1F400C3958E /* libiconv.dylib */; };
		ED545A7E1B68A1FA00C3958E /* libiconv.dylib in Frameworks */ = {isa = PBXBuildFile; fileRef = ED545A7D1B68A1FA00C3958E /* libiconv.dylib */; };
/* End PBXBuildFile section */

/* Begin PBXContainerItemProxy section */
		1AC6FAF8180E9839004C840B /* PBXContainerItemProxy */ = {
			isa = PBXContainerItemProxy;
			containerPortal = 1AC6FAE5180E9839004C840B /* cocos2d_libs.xcodeproj */;
			proxyType = 2;
			remoteGlobalIDString = 1551A33F158F2AB200E66CFE;
			remoteInfo = "cocos2dx Mac";
		};
		1AC6FB06180E9839004C840B /* PBXContainerItemProxy */ = {
			isa = PBXContainerItemProxy;
			containerPortal = 1AC6FAE5180E9839004C840B /* cocos2d_libs.xcodeproj */;
			proxyType = 2;
			remoteGlobalIDString = A07A4D641783777C0073F6A7;
			remoteInfo = "cocos2dx iOS";
		};
		1AC6FB15180E9959004C840B /* PBXContainerItemProxy */ = {
			isa = PBXContainerItemProxy;
			containerPortal = 1AC6FAE5180E9839004C840B /* cocos2d_libs.xcodeproj */;
			proxyType = 1;
			remoteGlobalIDString = 1551A33E158F2AB200E66CFE;
			remoteInfo = "cocos2dx Mac";
		};
		1AC6FB24180E99E1004C840B /* PBXContainerItemProxy */ = {
			isa = PBXContainerItemProxy;
			containerPortal = 1AC6FAE5180E9839004C840B /* cocos2d_libs.xcodeproj */;
			proxyType = 1;
			remoteGlobalIDString = A07A4C241783777C0073F6A7;
			remoteInfo = "cocos2dx iOS";
		};
/* End PBXContainerItemProxy section */

/* Begin PBXFileReference section */
		1AC6FAE5180E9839004C840B /* cocos2d_libs.xcodeproj */ = {isa = PBXFileReference; lastKnownFileType = "wrapper.pb-project"; name = cocos2d_libs.xcodeproj; path = ../cocos2d/build/cocos2d_libs.xcodeproj; sourceTree = "<group>"; };
		1ACB3243164770DE00914215 /* libcurl.a */ = {isa = PBXFileReference; lastKnownFileType = archive.ar; name = libcurl.a; path = ../../cocos2dx/platform/third_party/ios/libraries/libcurl.a; sourceTree = "<group>"; };
		1D30AB110D05D00D00671497 /* Foundation.framework */ = {isa = PBXFileReference; lastKnownFileType = wrapper.framework; name = Foundation.framework; path = System/Library/Frameworks/Foundation.framework; sourceTree = SDKROOT; };
		1D6058910D05DD3D006BFB54 /* PlantsVsZombies-mobile.app */ = {isa = PBXFileReference; explicitFileType = wrapper.application; includeInIndex = 0; path = "PlantsVsZombies-mobile.app"; sourceTree = BUILT_PRODUCTS_DIR; };
		1DF5F4DF0D08C38300B7A737 /* UIKit.framework */ = {isa = PBXFileReference; lastKnownFileType = wrapper.framework; name = UIKit.framework; path = System/Library/Frameworks/UIKit.framework; sourceTree = SDKROOT; };
		210960F61CAE217B0049C266 /* sunflower1.png */ = {isa = PBXFileReference; lastKnownFileType = image.png; path = sunflower1.png; sourceTree = "<group>"; };
		210960F71CAE217B0049C266 /* sunflower2.png */ = {isa = PBXFileReference; lastKnownFileType = image.png; path = sunflower2.png; sourceTree = "<group>"; };
		210960F81CAE217B0049C266 /* sunflower3.png */ = {isa = PBXFileReference; lastKnownFileType = image.png; path = sunflower3.png; sourceTree = "<group>"; };
		210960F91CAE217B0049C266 /* sunflower4.png */ = {isa = PBXFileReference; lastKnownFileType = image.png; path = sunflower4.png; sourceTree = "<group>"; };
		210960FA1CAE217B0049C266 /* sunflower5.png */ = {isa = PBXFileReference; lastKnownFileType = image.png; path = sunflower5.png; sourceTree = "<group>"; };
		210960FB1CAE217B0049C266 /* sunflower6.png */ = {isa = PBXFileReference; lastKnownFileType = image.png; path = sunflower6.png; sourceTree = "<group>"; };
		210960FC1CAE217B0049C266 /* sunflower7.png */ = {isa = PBXFileReference; lastKnownFileType = image.png; path = sunflower7.png; sourceTree = "<group>"; };
		210960FD1CAE217B0049C266 /* sunflower8.png */ = {isa = PBXFileReference; lastKnownFileType = image.png; path = sunflower8.png; sourceTree = "<group>"; };
		210960FE1CAE217B0049C266 /* sunflower9.png */ = {isa = PBXFileReference; lastKnownFileType = image.png; path = sunflower9.png; sourceTree = "<group>"; };
		210960FF1CAE217B0049C266 /* sunflower10.png */ = {isa = PBXFileReference; lastKnownFileType = image.png; path = sunflower10.png; sourceTree = "<group>"; };
		210961001CAE217B0049C266 /* sunflower11.png */ = {isa = PBXFileReference; lastKnownFileType = image.png; path = sunflower11.png; sourceTree = "<group>"; };
		210961011CAE217B0049C266 /* sunflower12.png */ = {isa = PBXFileReference; lastKnownFileType = image.png; path = sunflower12.png; sourceTree = "<group>"; };
		210961021CAE217B0049C266 /* sunflower13.png */ = {isa = PBXFileReference; lastKnownFileType = image.png; path = sunflower13.png; sourceTree = "<group>"; };
		210961031CAE217B0049C266 /* sunflower14.png */ = {isa = PBXFileReference; lastKnownFileType = image.png; path = sunflower14.png; sourceTree = "<group>"; };
		210961041CAE217B0049C266 /* sunflower15.png */ = {isa = PBXFileReference; lastKnownFileType = image.png; path = sunflower15.png; sourceTree = "<group>"; };
		210961051CAE217B0049C266 /* sunflower16.png */ = {isa = PBXFileReference; lastKnownFileType = image.png; path = sunflower16.png; sourceTree = "<group>"; };
		210961061CAE217B0049C266 /* sunflower17.png */ = {isa = PBXFileReference; lastKnownFileType = image.png; path = sunflower17.png; sourceTree = "<group>"; };
		210961071CAE217B0049C266 /* sunflower18.png */ = {isa = PBXFileReference; lastKnownFileType = image.png; path = sunflower18.png; sourceTree = "<group>"; };
		2109612C1CAE24740049C266 /* SunFlower.cpp */ = {isa = PBXFileReference; fileEncoding = 4; lastKnownFileType = sourcecode.cpp.cpp; path = SunFlower.cpp; sourceTree = "<group>"; };
		2109612D1CAE24740049C266 /* SunFlower.hpp */ = {isa = PBXFileReference; fileEncoding = 4; lastKnownFileType = sourcecode.cpp.h; path = SunFlower.hpp; sourceTree = "<group>"; };
		210961351CAE353A0049C266 /* wandou.png */ = {isa = PBXFileReference; lastKnownFileType = image.png; path = wandou.png; sourceTree = "<group>"; };
		210EC7101CAE780300879FAA /* sun1.png */ = {isa = PBXFileReference; lastKnownFileType = image.png; path = sun1.png; sourceTree = "<group>"; };
		210EC7111CAE780300879FAA /* sun3.png */ = {isa = PBXFileReference; lastKnownFileType = image.png; path = sun3.png; sourceTree = "<group>"; };
		210EC7121CAE780300879FAA /* sun4.png */ = {isa = PBXFileReference; lastKnownFileType = image.png; path = sun4.png; sourceTree = "<group>"; };
		210EC7131CAE780300879FAA /* sun2.png */ = {isa = PBXFileReference; lastKnownFileType = image.png; path = sun2.png; sourceTree = "<group>"; };
		211B6EC61CAD67E600EAB7EE /* plant.png */ = {isa = PBXFileReference; lastKnownFileType = image.png; path = plant.png; sourceTree = "<group>"; };
		211B6EC81CAD681A00EAB7EE /* plant.json */ = {isa = PBXFileReference; fileEncoding = 4; lastKnownFileType = text.json; path = plant.json; sourceTree = "<group>"; };
		211B6ECC1CAD6AD600EAB7EE /* FlashTool.cpp */ = {isa = PBXFileReference; fileEncoding = 4; lastKnownFileType = sourcecode.cpp.cpp; path = FlashTool.cpp; sourceTree = "<group>"; };
		211B6ECD1CAD6AD600EAB7EE /* FlashTool.hpp */ = {isa = PBXFileReference; fileEncoding = 4; lastKnownFileType = sourcecode.cpp.h; path = FlashTool.hpp; sourceTree = "<group>"; };
		212AE6BC1CB79E4000520633 /* CountDownLabel.cpp */ = {isa = PBXFileReference; fileEncoding = 4; lastKnownFileType = sourcecode.cpp.cpp; path = CountDownLabel.cpp; sourceTree = "<group>"; };
		212AE6BD1CB79E4000520633 /* CountDownLabel.hpp */ = {isa = PBXFileReference; fileEncoding = 4; lastKnownFileType = sourcecode.cpp.h; path = CountDownLabel.hpp; sourceTree = "<group>"; };
		212BE07C1CAD1EDA00F72388 /* MainGameScene.cpp */ = {isa = PBXFileReference; fileEncoding = 4; lastKnownFileType = sourcecode.cpp.cpp; path = MainGameScene.cpp; sourceTree = "<group>"; };
		212BE07D1CAD1EDA00F72388 /* MainGameScene.hpp */ = {isa = PBXFileReference; fileEncoding = 4; lastKnownFileType = sourcecode.cpp.h; path = MainGameScene.hpp; sourceTree = "<group>"; };
		212BE0801CAD22DE00F72388 /* GrassGround.cpp */ = {isa = PBXFileReference; fileEncoding = 4; lastKnownFileType = sourcecode.cpp.cpp; path = GrassGround.cpp; sourceTree = "<group>"; };
		212BE0811CAD22DE00F72388 /* GrassGround.hpp */ = {isa = PBXFileReference; fileEncoding = 4; lastKnownFileType = sourcecode.cpp.h; path = GrassGround.hpp; sourceTree = "<group>"; };
		212BE0B51CAD2FFF00F72388 /* background.png */ = {isa = PBXFileReference; lastKnownFileType = image.png; path = background.png; sourceTree = "<group>"; };
		212BE0B81CAD31FA00F72388 /* small-1.png */ = {isa = PBXFileReference; lastKnownFileType = image.png; path = "small-1.png"; sourceTree = "<group>"; };
		2146DC2B1CAD78BD00EA97F7 /* zombie1.png */ = {isa = PBXFileReference; lastKnownFileType = image.png; path = zombie1.png; sourceTree = "<group>"; };
		2146DC2C1CAD78BD00EA97F7 /* zombie2.png */ = {isa = PBXFileReference; lastKnownFileType = image.png; path = zombie2.png; sourceTree = "<group>"; };
		2146DC2D1CAD78BD00EA97F7 /* zombie3.png */ = {isa = PBXFileReference; lastKnownFileType = image.png; path = zombie3.png; sourceTree = "<group>"; };
		2146DC2E1CAD78BD00EA97F7 /* zombie4.png */ = {isa = PBXFileReference; lastKnownFileType = image.png; path = zombie4.png; sourceTree = "<group>"; };
		2146DC2F1CAD78BD00EA97F7 /* zombie5.png */ = {isa = PBXFileReference; lastKnownFileType = image.png; path = zombie5.png; sourceTree = "<group>"; };
		2146DC301CAD78BD00EA97F7 /* zombie6.png */ = {isa = PBXFileReference; lastKnownFileType = image.png; path = zombie6.png; sourceTree = "<group>"; };
		2146DC311CAD78BD00EA97F7 /* zombie7.png */ = {isa = PBXFileReference; lastKnownFileType = image.png; path = zombie7.png; sourceTree = "<group>"; };
		2146DC321CAD78BD00EA97F7 /* zombie8.png */ = {isa = PBXFileReference; lastKnownFileType = image.png; path = zombie8.png; sourceTree = "<group>"; };
		2146DC331CAD78BD00EA97F7 /* zombie9.png */ = {isa = PBXFileReference; lastKnownFileType = image.png; path = zombie9.png; sourceTree = "<group>"; };
		2146DC341CAD78BD00EA97F7 /* zombie10.png */ = {isa = PBXFileReference; lastKnownFileType = image.png; path = zombie10.png; sourceTree = "<group>"; };
		2146DC351CAD78BD00EA97F7 /* zombie11.png */ = {isa = PBXFileReference; lastKnownFileType = image.png; path = zombie11.png; sourceTree = "<group>"; };
		2146DC361CAD78BD00EA97F7 /* zombie12.png */ = {isa = PBXFileReference; lastKnownFileType = image.png; path = zombie12.png; sourceTree = "<group>"; };
		2146DC371CAD78BD00EA97F7 /* zombie13.png */ = {isa = PBXFileReference; lastKnownFileType = image.png; path = zombie13.png; sourceTree = "<group>"; };
		2146DC381CAD78BD00EA97F7 /* zombie14.png */ = {isa = PBXFileReference; lastKnownFileType = image.png; path = zombie14.png; sourceTree = "<group>"; };
		2146DC551CAD78DD00EA97F7 /* Zombie.cpp */ = {isa = PBXFileReference; fileEncoding = 4; lastKnownFileType = sourcecode.cpp.cpp; path = Zombie.cpp; sourceTree = "<group>"; };
		2146DC561CAD78DD00EA97F7 /* Zombie.hpp */ = {isa = PBXFileReference; fileEncoding = 4; lastKnownFileType = sourcecode.cpp.h; path = Zombie.hpp; sourceTree = "<group>"; };
		214EA6EE1CAFFCA600AC1BA1 /* Sun.cpp */ = {isa = PBXFileReference; fileEncoding = 4; lastKnownFileType = sourcecode.cpp.cpp; path = Sun.cpp; sourceTree = "<group>"; };
		214EA6EF1CAFFCA600AC1BA1 /* Sun.hpp */ = {isa = PBXFileReference; fileEncoding = 4; lastKnownFileType = sourcecode.cpp.h; path = Sun.hpp; sourceTree = "<group>"; };
		215BDC881CAE47F5009195AD /* Bean.cpp */ = {isa = PBXFileReference; fileEncoding = 4; lastKnownFileType = sourcecode.cpp.cpp; path = Bean.cpp; sourceTree = "<group>"; };
		215BDC891CAE47F5009195AD /* Bean.hpp */ = {isa = PBXFileReference; fileEncoding = 4; lastKnownFileType = sourcecode.cpp.h; path = Bean.hpp; sourceTree = "<group>"; };
		2173759D1CAD3900000EBE00 /* Plant.cpp */ = {isa = PBXFileReference; fileEncoding = 4; lastKnownFileType = sourcecode.cpp.cpp; path = Plant.cpp; sourceTree = "<group>"; };
		2173759E1CAD3900000EBE00 /* Plant.hpp */ = {isa = PBXFileReference; fileEncoding = 4; lastKnownFileType = sourcecode.cpp.h; path = Plant.hpp; sourceTree = "<group>"; };
		21CA99171CB4A601007CA136 /* GameOverScene.cpp */ = {isa = PBXFileReference; fileEncoding = 4; lastKnownFileType = sourcecode.cpp.cpp; path = GameOverScene.cpp; sourceTree = "<group>"; };
		21CA99181CB4A601007CA136 /* GameOverScene.hpp */ = {isa = PBXFileReference; fileEncoding = 4; lastKnownFileType = sourcecode.cpp.h; path = GameOverScene.hpp; sourceTree = "<group>"; };
		21DECECA1CB3A5E1001362F8 /* BeanShooter.cpp */ = {isa = PBXFileReference; fileEncoding = 4; lastKnownFileType = sourcecode.cpp.cpp; path = BeanShooter.cpp; sourceTree = "<group>"; };
		21DECECB1CB3A5E1001362F8 /* BeanShooter.hpp */ = {isa = PBXFileReference; fileEncoding = 4; lastKnownFileType = sourcecode.cpp.h; path = BeanShooter.hpp; sourceTree = "<group>"; };
		21DECED01CB3C187001362F8 /* GameController.cpp */ = {isa = PBXFileReference; fileEncoding = 4; lastKnownFileType = sourcecode.cpp.cpp; path = GameController.cpp; sourceTree = "<group>"; };
		21DECED11CB3C187001362F8 /* GameController.hpp */ = {isa = PBXFileReference; fileEncoding = 4; lastKnownFileType = sourcecode.cpp.h; path = GameController.hpp; sourceTree = "<group>"; };
		21FA00401CB644A400C37D48 /* sunflower.png */ = {isa = PBXFileReference; lastKnownFileType = image.png; path = sunflower.png; sourceTree = "<group>"; };
		21FA00411CB644A400C37D48 /* zombie.png */ = {isa = PBXFileReference; lastKnownFileType = image.png; path = zombie.png; sourceTree = "<group>"; };
		21FA00441CB6456F00C37D48 /* plant1.png */ = {isa = PBXFileReference; lastKnownFileType = image.png; path = plant1.png; sourceTree = "<group>"; };
		288765A40DF7441C002DB57D /* CoreGraphics.framework */ = {isa = PBXFileReference; lastKnownFileType = wrapper.framework; name = CoreGraphics.framework; path = System/Library/Frameworks/CoreGraphics.framework; sourceTree = SDKROOT; };
		3EACC98E19EE6D4300EB3C5E /* res */ = {isa = PBXFileReference; lastKnownFileType = folder; path = res; sourceTree = "<group>"; };
		46880B7619C43A67006E1F66 /* CloseNormal.png */ = {isa = PBXFileReference; lastKnownFileType = image.png; path = CloseNormal.png; sourceTree = "<group>"; };
		46880B7719C43A67006E1F66 /* CloseSelected.png */ = {isa = PBXFileReference; lastKnownFileType = image.png; path = CloseSelected.png; sourceTree = "<group>"; };
		46880B7A19C43A67006E1F66 /* HelloWorld.png */ = {isa = PBXFileReference; lastKnownFileType = image.png; path = HelloWorld.png; sourceTree = "<group>"; };
		46880B8419C43A87006E1F66 /* AppDelegate.cpp */ = {isa = PBXFileReference; fileEncoding = 4; lastKnownFileType = sourcecode.cpp.cpp; path = AppDelegate.cpp; sourceTree = "<group>"; };
		46880B8519C43A87006E1F66 /* AppDelegate.h */ = {isa = PBXFileReference; fileEncoding = 4; lastKnownFileType = sourcecode.c.h; path = AppDelegate.h; sourceTree = "<group>"; };
		46880B8619C43A87006E1F66 /* HelloWorldScene.cpp */ = {isa = PBXFileReference; fileEncoding = 4; lastKnownFileType = sourcecode.cpp.cpp; path = HelloWorldScene.cpp; sourceTree = "<group>"; };
		46880B8719C43A87006E1F66 /* HelloWorldScene.h */ = {isa = PBXFileReference; fileEncoding = 4; lastKnownFileType = sourcecode.c.h; path = HelloWorldScene.h; sourceTree = "<group>"; };
		503AE0F617EB97AB00D1A890 /* Icon.icns */ = {isa = PBXFileReference; lastKnownFileType = image.icns; path = Icon.icns; sourceTree = "<group>"; };
		503AE0F717EB97AB00D1A890 /* Info.plist */ = {isa = PBXFileReference; fileEncoding = 4; lastKnownFileType = text.plist.xml; path = Info.plist; sourceTree = "<group>"; };
		503AE0FA17EB989F00D1A890 /* AppController.h */ = {isa = PBXFileReference; fileEncoding = 4; lastKnownFileType = sourcecode.c.h; name = AppController.h; path = ios/AppController.h; sourceTree = SOURCE_ROOT; };
		503AE0FB17EB989F00D1A890 /* AppController.mm */ = {isa = PBXFileReference; fileEncoding = 4; lastKnownFileType = sourcecode.cpp.objcpp; name = AppController.mm; path = ios/AppController.mm; sourceTree = SOURCE_ROOT; };
		503AE0FC17EB989F00D1A890 /* main.m */ = {isa = PBXFileReference; fileEncoding = 4; lastKnownFileType = sourcecode.c.objc; name = main.m; path = ios/main.m; sourceTree = SOURCE_ROOT; };
		503AE0FD17EB989F00D1A890 /* Prefix.pch */ = {isa = PBXFileReference; fileEncoding = 4; lastKnownFileType = sourcecode.c.h; name = Prefix.pch; path = ios/Prefix.pch; sourceTree = SOURCE_ROOT; };
		503AE0FE17EB989F00D1A890 /* RootViewController.h */ = {isa = PBXFileReference; fileEncoding = 4; lastKnownFileType = sourcecode.c.h; name = RootViewController.h; path = ios/RootViewController.h; sourceTree = SOURCE_ROOT; };
		503AE0FF17EB989F00D1A890 /* RootViewController.mm */ = {isa = PBXFileReference; fileEncoding = 4; lastKnownFileType = sourcecode.cpp.objcpp; name = RootViewController.mm; path = ios/RootViewController.mm; sourceTree = SOURCE_ROOT; };
		503AE10317EB98FF00D1A890 /* main.cpp */ = {isa = PBXFileReference; fileEncoding = 4; lastKnownFileType = sourcecode.cpp.cpp; name = main.cpp; path = mac/main.cpp; sourceTree = "<group>"; };
		503AE10417EB98FF00D1A890 /* Prefix.pch */ = {isa = PBXFileReference; fileEncoding = 4; lastKnownFileType = sourcecode.c.h; name = Prefix.pch; path = mac/Prefix.pch; sourceTree = "<group>"; };
		503AE11117EB99EE00D1A890 /* libcurl.dylib */ = {isa = PBXFileReference; lastKnownFileType = "compiled.mach-o.dylib"; name = libcurl.dylib; path = usr/lib/libcurl.dylib; sourceTree = SDKROOT; };
		503AE11A17EB9C5A00D1A890 /* IOKit.framework */ = {isa = PBXFileReference; lastKnownFileType = wrapper.framework; name = IOKit.framework; path = System/Library/Frameworks/IOKit.framework; sourceTree = SDKROOT; };
		5087E76F17EB910900C73F5D /* PlantsVsZombies-desktop.app */ = {isa = PBXFileReference; explicitFileType = wrapper.application; includeInIndex = 0; path = "PlantsVsZombies-desktop.app"; sourceTree = BUILT_PRODUCTS_DIR; };
		5087E77217EB970100C73F5D /* Default-568h@2x.png */ = {isa = PBXFileReference; lastKnownFileType = image.png; path = "Default-568h@2x.png"; sourceTree = "<group>"; };
		5087E77317EB970100C73F5D /* Default.png */ = {isa = PBXFileReference; lastKnownFileType = image.png; path = Default.png; sourceTree = "<group>"; };
		5087E77417EB970100C73F5D /* Default@2x.png */ = {isa = PBXFileReference; lastKnownFileType = image.png; path = "Default@2x.png"; sourceTree = "<group>"; };
		5087E77517EB970100C73F5D /* Icon-114.png */ = {isa = PBXFileReference; lastKnownFileType = image.png; path = "Icon-114.png"; sourceTree = "<group>"; };
		5087E77617EB970100C73F5D /* Icon-120.png */ = {isa = PBXFileReference; lastKnownFileType = image.png; path = "Icon-120.png"; sourceTree = "<group>"; };
		5087E77717EB970100C73F5D /* Icon-144.png */ = {isa = PBXFileReference; lastKnownFileType = image.png; path = "Icon-144.png"; sourceTree = "<group>"; };
		5087E77817EB970100C73F5D /* Icon-152.png */ = {isa = PBXFileReference; lastKnownFileType = image.png; path = "Icon-152.png"; sourceTree = "<group>"; };
		5087E77917EB970100C73F5D /* Icon-57.png */ = {isa = PBXFileReference; lastKnownFileType = image.png; path = "Icon-57.png"; sourceTree = "<group>"; };
		5087E77A17EB970100C73F5D /* Icon-72.png */ = {isa = PBXFileReference; lastKnownFileType = image.png; path = "Icon-72.png"; sourceTree = "<group>"; };
		5087E77B17EB970100C73F5D /* Icon-76.png */ = {isa = PBXFileReference; lastKnownFileType = image.png; path = "Icon-76.png"; sourceTree = "<group>"; };
		5087E77C17EB970100C73F5D /* Info.plist */ = {isa = PBXFileReference; fileEncoding = 4; lastKnownFileType = text.plist.xml; path = Info.plist; sourceTree = "<group>"; };
		5087E78817EB974C00C73F5D /* AppKit.framework */ = {isa = PBXFileReference; lastKnownFileType = wrapper.framework; name = AppKit.framework; path = System/Library/Frameworks/AppKit.framework; sourceTree = SDKROOT; };
		5087E78A17EB975400C73F5D /* OpenGL.framework */ = {isa = PBXFileReference; lastKnownFileType = wrapper.framework; name = OpenGL.framework; path = System/Library/Frameworks/OpenGL.framework; sourceTree = SDKROOT; };
		50EF629217ECD46A001EB2F8 /* Icon-40.png */ = {isa = PBXFileReference; lastKnownFileType = image.png; path = "Icon-40.png"; sourceTree = "<group>"; };
		50EF629317ECD46A001EB2F8 /* Icon-58.png */ = {isa = PBXFileReference; lastKnownFileType = image.png; path = "Icon-58.png"; sourceTree = "<group>"; };
		50EF629417ECD46A001EB2F8 /* Icon-80.png */ = {isa = PBXFileReference; lastKnownFileType = image.png; path = "Icon-80.png"; sourceTree = "<group>"; };
		50EF629517ECD46A001EB2F8 /* Icon-100.png */ = {isa = PBXFileReference; lastKnownFileType = image.png; path = "Icon-100.png"; sourceTree = "<group>"; };
		50EF62A017ECD613001EB2F8 /* Icon-29.png */ = {isa = PBXFileReference; lastKnownFileType = image.png; path = "Icon-29.png"; sourceTree = "<group>"; };
		50EF62A117ECD613001EB2F8 /* Icon-50.png */ = {isa = PBXFileReference; lastKnownFileType = image.png; path = "Icon-50.png"; sourceTree = "<group>"; };
		521A8E6219F0C34300D177D7 /* Default-667h@2x.png */ = {isa = PBXFileReference; lastKnownFileType = image.png; path = "Default-667h@2x.png"; sourceTree = "<group>"; };
		521A8E6319F0C34300D177D7 /* Default-736h@3x.png */ = {isa = PBXFileReference; lastKnownFileType = image.png; path = "Default-736h@3x.png"; sourceTree = "<group>"; };
		521A8EA819F11F5000D177D7 /* fonts */ = {isa = PBXFileReference; lastKnownFileType = folder; path = fonts; sourceTree = "<group>"; };
		52B47A461A53D09B004E4C60 /* Security.framework */ = {isa = PBXFileReference; lastKnownFileType = wrapper.framework; name = Security.framework; path = Platforms/iPhoneOS.platform/Developer/SDKs/iPhoneOS8.1.sdk/System/Library/Frameworks/Security.framework; sourceTree = DEVELOPER_DIR; };
		8262943D1AAF051F00CB7CF7 /* Security.framework */ = {isa = PBXFileReference; lastKnownFileType = wrapper.framework; name = Security.framework; path = System/Library/Frameworks/Security.framework; sourceTree = SDKROOT; };
		BF170DB012928DE900B8313A /* OpenGLES.framework */ = {isa = PBXFileReference; lastKnownFileType = wrapper.framework; name = OpenGLES.framework; path = System/Library/Frameworks/OpenGLES.framework; sourceTree = SDKROOT; };
		BF170DB412928DE900B8313A /* libz.dylib */ = {isa = PBXFileReference; lastKnownFileType = "compiled.mach-o.dylib"; name = libz.dylib; path = usr/lib/libz.dylib; sourceTree = SDKROOT; };
		BF1C47EA1293683800B63C5D /* QuartzCore.framework */ = {isa = PBXFileReference; lastKnownFileType = wrapper.framework; name = QuartzCore.framework; path = System/Library/Frameworks/QuartzCore.framework; sourceTree = SDKROOT; };
		D44C620B132DFF330009C878 /* OpenAL.framework */ = {isa = PBXFileReference; lastKnownFileType = wrapper.framework; name = OpenAL.framework; path = System/Library/Frameworks/OpenAL.framework; sourceTree = SDKROOT; };
		D44C620D132DFF430009C878 /* AVFoundation.framework */ = {isa = PBXFileReference; lastKnownFileType = wrapper.framework; name = AVFoundation.framework; path = System/Library/Frameworks/AVFoundation.framework; sourceTree = SDKROOT; };
		D44C620F132DFF4E0009C878 /* AudioToolbox.framework */ = {isa = PBXFileReference; lastKnownFileType = wrapper.framework; name = AudioToolbox.framework; path = System/Library/Frameworks/AudioToolbox.framework; sourceTree = SDKROOT; };
		D6B0611A1803AB670077942B /* CoreMotion.framework */ = {isa = PBXFileReference; lastKnownFileType = wrapper.framework; name = CoreMotion.framework; path = Platforms/iPhoneOS.platform/Developer/SDKs/iPhoneOS7.0.sdk/System/Library/Frameworks/CoreMotion.framework; sourceTree = DEVELOPER_DIR; };
		ED545A7B1B68A1F400C3958E /* libiconv.dylib */ = {isa = PBXFileReference; lastKnownFileType = "compiled.mach-o.dylib"; name = libiconv.dylib; path = Platforms/iPhoneOS.platform/Developer/SDKs/iPhoneOS8.4.sdk/usr/lib/libiconv.dylib; sourceTree = DEVELOPER_DIR; };
		ED545A7D1B68A1FA00C3958E /* libiconv.dylib */ = {isa = PBXFileReference; lastKnownFileType = "compiled.mach-o.dylib"; name = libiconv.dylib; path = usr/lib/libiconv.dylib; sourceTree = SDKROOT; };
/* End PBXFileReference section */

/* Begin PBXFrameworksBuildPhase section */
		1D60588F0D05DD3D006BFB54 /* Frameworks */ = {
			isa = PBXFrameworksBuildPhase;
			buildActionMask = 2147483647;
			files = (
				ED545A7C1B68A1F400C3958E /* libiconv.dylib in Frameworks */,
				52B47A471A53D09C004E4C60 /* Security.framework in Frameworks */,
				1AC6FB30180E99EB004C840B /* libcocos2d iOS.a in Frameworks */,
				D6B0611B1803AB670077942B /* CoreMotion.framework in Frameworks */,
				1D60589F0D05DD5A006BFB54 /* Foundation.framework in Frameworks */,
				1DF5F4E00D08C38300B7A737 /* UIKit.framework in Frameworks */,
				288765A50DF7441C002DB57D /* CoreGraphics.framework in Frameworks */,
				BF171245129291EC00B8313A /* OpenGLES.framework in Frameworks */,
				BF1712471292920000B8313A /* libz.dylib in Frameworks */,
				BF1C47F01293687400B63C5D /* QuartzCore.framework in Frameworks */,
				D44C620C132DFF330009C878 /* OpenAL.framework in Frameworks */,
				D44C620E132DFF430009C878 /* AVFoundation.framework in Frameworks */,
				D44C6210132DFF4E0009C878 /* AudioToolbox.framework in Frameworks */,
			);
			runOnlyForDeploymentPostprocessing = 0;
		};
		5087E75C17EB910900C73F5D /* Frameworks */ = {
			isa = PBXFrameworksBuildPhase;
			buildActionMask = 2147483647;
			files = (
				ED545A7E1B68A1FA00C3958E /* libiconv.dylib in Frameworks */,
				1AC6FB21180E996B004C840B /* libcocos2d Mac.a in Frameworks */,
				5087E76717EB910900C73F5D /* libz.dylib in Frameworks */,
				8262943E1AAF051F00CB7CF7 /* Security.framework in Frameworks */,
				503AE11B17EB9C5A00D1A890 /* IOKit.framework in Frameworks */,
				5087E78B17EB975400C73F5D /* OpenGL.framework in Frameworks */,
				5087E78917EB974C00C73F5D /* AppKit.framework in Frameworks */,
				5087E76317EB910900C73F5D /* Foundation.framework in Frameworks */,
				5087E76817EB910900C73F5D /* QuartzCore.framework in Frameworks */,
				5087E76917EB910900C73F5D /* OpenAL.framework in Frameworks */,
				5087E76A17EB910900C73F5D /* AVFoundation.framework in Frameworks */,
				5087E76B17EB910900C73F5D /* AudioToolbox.framework in Frameworks */,
			);
			runOnlyForDeploymentPostprocessing = 0;
		};
/* End PBXFrameworksBuildPhase section */

/* Begin PBXGroup section */
		080E96DDFE201D6D7F000001 /* ios */ = {
			isa = PBXGroup;
			children = (
				5087E77117EB970100C73F5D /* Icons */,
				503AE0FA17EB989F00D1A890 /* AppController.h */,
				503AE0FB17EB989F00D1A890 /* AppController.mm */,
				503AE0FC17EB989F00D1A890 /* main.m */,
				503AE0FD17EB989F00D1A890 /* Prefix.pch */,
				503AE0FE17EB989F00D1A890 /* RootViewController.h */,
				503AE0FF17EB989F00D1A890 /* RootViewController.mm */,
			);
			name = ios;
			path = Classes;
			sourceTree = "<group>";
		};
		19C28FACFE9D520D11CA2CBB /* Products */ = {
			isa = PBXGroup;
			children = (
				1D6058910D05DD3D006BFB54 /* PlantsVsZombies-mobile.app */,
				5087E76F17EB910900C73F5D /* PlantsVsZombies-desktop.app */,
			);
			name = Products;
			sourceTree = "<group>";
		};
		1AC6FAE6180E9839004C840B /* Products */ = {
			isa = PBXGroup;
			children = (
				1AC6FAF9180E9839004C840B /* libcocos2d Mac.a */,
				1AC6FB07180E9839004C840B /* libcocos2d iOS.a */,
			);
			name = Products;
			sourceTree = "<group>";
		};
		210960F51CAE205C0049C266 /* sunflower */ = {
			isa = PBXGroup;
			children = (
				210960F61CAE217B0049C266 /* sunflower1.png */,
				210960F71CAE217B0049C266 /* sunflower2.png */,
				210960F81CAE217B0049C266 /* sunflower3.png */,
				210960F91CAE217B0049C266 /* sunflower4.png */,
				210960FA1CAE217B0049C266 /* sunflower5.png */,
				210960FB1CAE217B0049C266 /* sunflower6.png */,
				210960FC1CAE217B0049C266 /* sunflower7.png */,
				210960FD1CAE217B0049C266 /* sunflower8.png */,
				210960FE1CAE217B0049C266 /* sunflower9.png */,
				210960FF1CAE217B0049C266 /* sunflower10.png */,
				210961001CAE217B0049C266 /* sunflower11.png */,
				210961011CAE217B0049C266 /* sunflower12.png */,
				210961021CAE217B0049C266 /* sunflower13.png */,
				210961031CAE217B0049C266 /* sunflower14.png */,
				210961041CAE217B0049C266 /* sunflower15.png */,
				210961051CAE217B0049C266 /* sunflower16.png */,
				210961061CAE217B0049C266 /* sunflower17.png */,
				210961071CAE217B0049C266 /* sunflower18.png */,
			);
			name = sunflower;
			sourceTree = "<group>";
		};
		210961311CAE311F0049C266 /* Sprites */ = {
			isa = PBXGroup;
			children = (
				215BDC881CAE47F5009195AD /* Bean.cpp */,
				215BDC891CAE47F5009195AD /* Bean.hpp */,
				2146DC551CAD78DD00EA97F7 /* Zombie.cpp */,
				2146DC561CAD78DD00EA97F7 /* Zombie.hpp */,
				2109612C1CAE24740049C266 /* SunFlower.cpp */,
				2109612D1CAE24740049C266 /* SunFlower.hpp */,
				2173759D1CAD3900000EBE00 /* Plant.cpp */,
				2173759E1CAD3900000EBE00 /* Plant.hpp */,
				212BE0801CAD22DE00F72388 /* GrassGround.cpp */,
				212BE0811CAD22DE00F72388 /* GrassGround.hpp */,
				214EA6EE1CAFFCA600AC1BA1 /* Sun.cpp */,
				214EA6EF1CAFFCA600AC1BA1 /* Sun.hpp */,
				21DECECA1CB3A5E1001362F8 /* BeanShooter.cpp */,
				21DECECB1CB3A5E1001362F8 /* BeanShooter.hpp */,
			);
			name = Sprites;
			sourceTree = "<group>";
		};
		210961321CAE314E0049C266 /* Scenes */ = {
			isa = PBXGroup;
			children = (
				46880B8619C43A87006E1F66 /* HelloWorldScene.cpp */,
				46880B8719C43A87006E1F66 /* HelloWorldScene.h */,
				212BE07C1CAD1EDA00F72388 /* MainGameScene.cpp */,
				212BE07D1CAD1EDA00F72388 /* MainGameScene.hpp */,
				21CA99171CB4A601007CA136 /* GameOverScene.cpp */,
				21CA99181CB4A601007CA136 /* GameOverScene.hpp */,
			);
			name = Scenes;
			sourceTree = "<group>";
		};
		210961331CAE315C0049C266 /* Utilities */ = {
			isa = PBXGroup;
			children = (
				211B6ECC1CAD6AD600EAB7EE /* FlashTool.cpp */,
				211B6ECD1CAD6AD600EAB7EE /* FlashTool.hpp */,
			);
			name = Utilities;
			sourceTree = "<group>";
		};
		210961341CAE352F0049C266 /* bean */ = {
			isa = PBXGroup;
			children = (
				210961351CAE353A0049C266 /* wandou.png */,
			);
			name = bean;
			sourceTree = "<group>";
		};
		210EC71C1CAE780800879FAA /* sun */ = {
			isa = PBXGroup;
			children = (
				210EC7101CAE780300879FAA /* sun1.png */,
				210EC7111CAE780300879FAA /* sun3.png */,
				210EC7121CAE780300879FAA /* sun4.png */,
				210EC7131CAE780300879FAA /* sun2.png */,
			);
			name = sun;
			sourceTree = "<group>";
		};
		211B6ECB1CAD682100EAB7EE /* plant */ = {
			isa = PBXGroup;
			children = (
				211B6EC61CAD67E600EAB7EE /* plant.png */,
				211B6EC81CAD681A00EAB7EE /* plant.json */,
			);
			name = plant;
			sourceTree = "<group>";
		};
		2146DC2A1CAD774400EA97F7 /* zombie */ = {
			isa = PBXGroup;
			children = (
				2146DC2B1CAD78BD00EA97F7 /* zombie1.png */,
				2146DC2C1CAD78BD00EA97F7 /* zombie2.png */,
				2146DC2D1CAD78BD00EA97F7 /* zombie3.png */,
				2146DC2E1CAD78BD00EA97F7 /* zombie4.png */,
				2146DC2F1CAD78BD00EA97F7 /* zombie5.png */,
				2146DC301CAD78BD00EA97F7 /* zombie6.png */,
				2146DC311CAD78BD00EA97F7 /* zombie7.png */,
				2146DC321CAD78BD00EA97F7 /* zombie8.png */,
				2146DC331CAD78BD00EA97F7 /* zombie9.png */,
				2146DC341CAD78BD00EA97F7 /* zombie10.png */,
				2146DC351CAD78BD00EA97F7 /* zombie11.png */,
				2146DC361CAD78BD00EA97F7 /* zombie12.png */,
				2146DC371CAD78BD00EA97F7 /* zombie13.png */,
				2146DC381CAD78BD00EA97F7 /* zombie14.png */,
			);
			name = zombie;
			sourceTree = "<group>";
		};
		21DECECF1CB3C17A001362F8 /* Controller */ = {
			isa = PBXGroup;
			children = (
				21DECED01CB3C187001362F8 /* GameController.cpp */,
				21DECED11CB3C187001362F8 /* GameController.hpp */,
			);
			name = Controller;
			sourceTree = "<group>";
		};
		21FA003F1CB6442800C37D48 /* staticImage */ = {
			isa = PBXGroup;
			children = (
				21FA00441CB6456F00C37D48 /* plant1.png */,
				21FA00401CB644A400C37D48 /* sunflower.png */,
				21FA00411CB644A400C37D48 /* zombie.png */,
			);
			name = staticImage;
			sourceTree = "<group>";
		};
		29B97314FDCFA39411CA2CEA /* CustomTemplate */ = {
			isa = PBXGroup;
			children = (
				46880B8319C43A87006E1F66 /* Classes */,
				46880B7519C43A67006E1F66 /* Resources */,
				1AC6FAE5180E9839004C840B /* cocos2d_libs.xcodeproj */,
				29B97323FDCFA39411CA2CEA /* Frameworks */,
				080E96DDFE201D6D7F000001 /* ios */,
				503AE10617EB990700D1A890 /* mac */,
				19C28FACFE9D520D11CA2CBB /* Products */,
			);
			name = CustomTemplate;
			sourceTree = "<group>";
		};
		29B97323FDCFA39411CA2CEA /* Frameworks */ = {
			isa = PBXGroup;
			children = (
				ED545A7D1B68A1FA00C3958E /* libiconv.dylib */,
				ED545A7B1B68A1F400C3958E /* libiconv.dylib */,
				8262943D1AAF051F00CB7CF7 /* Security.framework */,
				52B47A461A53D09B004E4C60 /* Security.framework */,
				D6B0611A1803AB670077942B /* CoreMotion.framework */,
				503AE11A17EB9C5A00D1A890 /* IOKit.framework */,
				503AE11117EB99EE00D1A890 /* libcurl.dylib */,
				5087E78A17EB975400C73F5D /* OpenGL.framework */,
				5087E78817EB974C00C73F5D /* AppKit.framework */,
				1ACB3243164770DE00914215 /* libcurl.a */,
				BF170DB412928DE900B8313A /* libz.dylib */,
				D44C620F132DFF4E0009C878 /* AudioToolbox.framework */,
				D44C620D132DFF430009C878 /* AVFoundation.framework */,
				288765A40DF7441C002DB57D /* CoreGraphics.framework */,
				1D30AB110D05D00D00671497 /* Foundation.framework */,
				D44C620B132DFF330009C878 /* OpenAL.framework */,
				BF170DB012928DE900B8313A /* OpenGLES.framework */,
				BF1C47EA1293683800B63C5D /* QuartzCore.framework */,
				1DF5F4DF0D08C38300B7A737 /* UIKit.framework */,
			);
			name = Frameworks;
			sourceTree = "<group>";
		};
		46880B7519C43A67006E1F66 /* Resources */ = {
			isa = PBXGroup;
			children = (
				21FA003F1CB6442800C37D48 /* staticImage */,
				210EC71C1CAE780800879FAA /* sun */,
				210961341CAE352F0049C266 /* bean */,
				210960F51CAE205C0049C266 /* sunflower */,
				2146DC2A1CAD774400EA97F7 /* zombie */,
				211B6ECB1CAD682100EAB7EE /* plant */,
				212BE0B81CAD31FA00F72388 /* small-1.png */,
				212BE0B51CAD2FFF00F72388 /* background.png */,
				46880B7619C43A67006E1F66 /* CloseNormal.png */,
				46880B7719C43A67006E1F66 /* CloseSelected.png */,
				46880B7A19C43A67006E1F66 /* HelloWorld.png */,
				3EACC98E19EE6D4300EB3C5E /* res */,
				521A8EA819F11F5000D177D7 /* fonts */,
			);
			name = Resources;
			path = ../Resources;
			sourceTree = "<group>";
		};
		46880B8319C43A87006E1F66 /* Classes */ = {
			isa = PBXGroup;
			children = (
				21DECECF1CB3C17A001362F8 /* Controller */,
				210961331CAE315C0049C266 /* Utilities */,
				210961321CAE314E0049C266 /* Scenes */,
				210961311CAE311F0049C266 /* Sprites */,
				46880B8419C43A87006E1F66 /* AppDelegate.cpp */,
				46880B8519C43A87006E1F66 /* AppDelegate.h */,
				212AE6BC1CB79E4000520633 /* CountDownLabel.cpp */,
				212AE6BD1CB79E4000520633 /* CountDownLabel.hpp */,
			);
			name = Classes;
			path = ../Classes;
			sourceTree = "<group>";
		};
		503AE0F517EB97AB00D1A890 /* Icons */ = {
			isa = PBXGroup;
			children = (
				503AE0F617EB97AB00D1A890 /* Icon.icns */,
				503AE0F717EB97AB00D1A890 /* Info.plist */,
			);
			name = Icons;
			path = mac;
			sourceTree = SOURCE_ROOT;
		};
		503AE10617EB990700D1A890 /* mac */ = {
			isa = PBXGroup;
			children = (
				503AE0F517EB97AB00D1A890 /* Icons */,
				503AE10317EB98FF00D1A890 /* main.cpp */,
				503AE10417EB98FF00D1A890 /* Prefix.pch */,
			);
			name = mac;
			sourceTree = "<group>";
		};
		5087E77117EB970100C73F5D /* Icons */ = {
			isa = PBXGroup;
			children = (
				521A8E6219F0C34300D177D7 /* Default-667h@2x.png */,
				521A8E6319F0C34300D177D7 /* Default-736h@3x.png */,
				5087E77217EB970100C73F5D /* Default-568h@2x.png */,
				5087E77317EB970100C73F5D /* Default.png */,
				5087E77417EB970100C73F5D /* Default@2x.png */,
				50EF62A017ECD613001EB2F8 /* Icon-29.png */,
				50EF62A117ECD613001EB2F8 /* Icon-50.png */,
				50EF629217ECD46A001EB2F8 /* Icon-40.png */,
				50EF629317ECD46A001EB2F8 /* Icon-58.png */,
				50EF629417ECD46A001EB2F8 /* Icon-80.png */,
				50EF629517ECD46A001EB2F8 /* Icon-100.png */,
				5087E77517EB970100C73F5D /* Icon-114.png */,
				5087E77617EB970100C73F5D /* Icon-120.png */,
				5087E77717EB970100C73F5D /* Icon-144.png */,
				5087E77817EB970100C73F5D /* Icon-152.png */,
				5087E77917EB970100C73F5D /* Icon-57.png */,
				5087E77A17EB970100C73F5D /* Icon-72.png */,
				5087E77B17EB970100C73F5D /* Icon-76.png */,
				5087E77C17EB970100C73F5D /* Info.plist */,
			);
			name = Icons;
			path = ios;
			sourceTree = SOURCE_ROOT;
		};
/* End PBXGroup section */

/* Begin PBXNativeTarget section */
		1D6058900D05DD3D006BFB54 /* PlantsVsZombies-mobile */ = {
			isa = PBXNativeTarget;
			buildConfigurationList = 1D6058960D05DD3E006BFB54 /* Build configuration list for PBXNativeTarget "PlantsVsZombies-mobile" */;
			buildPhases = (
				1D60588D0D05DD3D006BFB54 /* Resources */,
				1D60588E0D05DD3D006BFB54 /* Sources */,
				1D60588F0D05DD3D006BFB54 /* Frameworks */,
			);
			buildRules = (
			);
			dependencies = (
				1AC6FB25180E99E1004C840B /* PBXTargetDependency */,
			);
			name = "PlantsVsZombies-mobile";
			productName = iphone;
			productReference = 1D6058910D05DD3D006BFB54 /* PlantsVsZombies-mobile.app */;
			productType = "com.apple.product-type.application";
		};
		5087E73D17EB910900C73F5D /* PlantsVsZombies-desktop */ = {
			isa = PBXNativeTarget;
			buildConfigurationList = 5087E76C17EB910900C73F5D /* Build configuration list for PBXNativeTarget "PlantsVsZombies-desktop" */;
			buildPhases = (
				5087E74817EB910900C73F5D /* Resources */,
				5087E75617EB910900C73F5D /* Sources */,
				5087E75C17EB910900C73F5D /* Frameworks */,
			);
			buildRules = (
			);
			dependencies = (
				1AC6FB16180E9959004C840B /* PBXTargetDependency */,
			);
			name = "PlantsVsZombies-desktop";
			productName = iphone;
			productReference = 5087E76F17EB910900C73F5D /* PlantsVsZombies-desktop.app */;
			productType = "com.apple.product-type.application";
		};
/* End PBXNativeTarget section */

/* Begin PBXProject section */
		29B97313FDCFA39411CA2CEA /* Project object */ = {
			isa = PBXProject;
			attributes = {
				LastUpgradeCheck = 0500;
				TargetAttributes = {
					1D6058900D05DD3D006BFB54 = {
						DevelopmentTeam = F6SWAY5599;
					};
				};
			};
			buildConfigurationList = C01FCF4E08A954540054247B /* Build configuration list for PBXProject "PlantsVsZombies" */;
			compatibilityVersion = "Xcode 3.2";
			developmentRegion = English;
			hasScannedForEncodings = 1;
			knownRegions = (
				English,
				Japanese,
				French,
				German,
			);
			mainGroup = 29B97314FDCFA39411CA2CEA /* CustomTemplate */;
			projectDirPath = "";
			projectReferences = (
				{
					ProductGroup = 1AC6FAE6180E9839004C840B /* Products */;
					ProjectRef = 1AC6FAE5180E9839004C840B /* cocos2d_libs.xcodeproj */;
				},
			);
			projectRoot = "";
			targets = (
				1D6058900D05DD3D006BFB54 /* PlantsVsZombies-mobile */,
				5087E73D17EB910900C73F5D /* PlantsVsZombies-desktop */,
			);
		};
/* End PBXProject section */

/* Begin PBXReferenceProxy section */
		1AC6FAF9180E9839004C840B /* libcocos2d Mac.a */ = {
			isa = PBXReferenceProxy;
			fileType = archive.ar;
			path = "libcocos2d Mac.a";
			remoteRef = 1AC6FAF8180E9839004C840B /* PBXContainerItemProxy */;
			sourceTree = BUILT_PRODUCTS_DIR;
		};
		1AC6FB07180E9839004C840B /* libcocos2d iOS.a */ = {
			isa = PBXReferenceProxy;
			fileType = archive.ar;
			path = "libcocos2d iOS.a";
			remoteRef = 1AC6FB06180E9839004C840B /* PBXContainerItemProxy */;
			sourceTree = BUILT_PRODUCTS_DIR;
		};
/* End PBXReferenceProxy section */

/* Begin PBXResourcesBuildPhase section */
		1D60588D0D05DD3D006BFB54 /* Resources */ = {
			isa = PBXResourcesBuildPhase;
			buildActionMask = 2147483647;
			files = (
				5087E78117EB970100C73F5D /* Icon-120.png in Resources */,
				212BE0B61CAD2FFF00F72388 /* background.png in Resources */,
				5087E78617EB970100C73F5D /* Icon-76.png in Resources */,
				210EC71A1CAE780300879FAA /* sun2.png in Resources */,
				211B6EC71CAD67E600EAB7EE /* plant.png in Resources */,
				2146DC471CAD78BD00EA97F7 /* zombie8.png in Resources */,
				210961281CAE217B0049C266 /* sunflower17.png in Resources */,
				5087E77F17EB970100C73F5D /* Default@2x.png in Resources */,
				50EF629917ECD46A001EB2F8 /* Icon-100.png in Resources */,
				21FA00431CB644A400C37D48 /* zombie.png in Resources */,
				210EC7161CAE780300879FAA /* sun3.png in Resources */,
				2109610A1CAE217B0049C266 /* sunflower2.png in Resources */,
				2146DC451CAD78BD00EA97F7 /* zombie7.png in Resources */,
				210EC7181CAE780300879FAA /* sun4.png in Resources */,
				5087E78317EB970100C73F5D /* Icon-152.png in Resources */,
				2146DC511CAD78BD00EA97F7 /* zombie13.png in Resources */,
				21FA00451CB6456F00C37D48 /* plant1.png in Resources */,
				46880B8119C43A67006E1F66 /* HelloWorld.png in Resources */,
				2146DC431CAD78BD00EA97F7 /* zombie6.png in Resources */,
				210961221CAE217B0049C266 /* sunflower14.png in Resources */,
				210961141CAE217B0049C266 /* sunflower7.png in Resources */,
				210961121CAE217B0049C266 /* sunflower6.png in Resources */,
				2109612A1CAE217B0049C266 /* sunflower18.png in Resources */,
				2146DC3F1CAD78BD00EA97F7 /* zombie4.png in Resources */,
				46880B7D19C43A67006E1F66 /* CloseSelected.png in Resources */,
				2146DC411CAD78BD00EA97F7 /* zombie5.png in Resources */,
				2146DC531CAD78BD00EA97F7 /* zombie14.png in Resources */,
				5087E77D17EB970100C73F5D /* Default-568h@2x.png in Resources */,
				2146DC3B1CAD78BD00EA97F7 /* zombie2.png in Resources */,
				5087E78517EB970100C73F5D /* Icon-72.png in Resources */,
				210EC7141CAE780300879FAA /* sun1.png in Resources */,
				521A8E6519F0C34300D177D7 /* Default-736h@3x.png in Resources */,
				210961201CAE217B0049C266 /* sunflower13.png in Resources */,
				2146DC4B1CAD78BD00EA97F7 /* zombie10.png in Resources */,
				2146DC4D1CAD78BD00EA97F7 /* zombie11.png in Resources */,
				2146DC4F1CAD78BD00EA97F7 /* zombie12.png in Resources */,
				521A8EA919F11F5000D177D7 /* fonts in Resources */,
				210961181CAE217B0049C266 /* sunflower9.png in Resources */,
				2146DC3D1CAD78BD00EA97F7 /* zombie3.png in Resources */,
				50EF62A317ECD613001EB2F8 /* Icon-50.png in Resources */,
				5087E78017EB970100C73F5D /* Icon-114.png in Resources */,
				2109611E1CAE217B0049C266 /* sunflower12.png in Resources */,
				50EF62A217ECD613001EB2F8 /* Icon-29.png in Resources */,
				50EF629617ECD46A001EB2F8 /* Icon-40.png in Resources */,
				5087E78217EB970100C73F5D /* Icon-144.png in Resources */,
				210961241CAE217B0049C266 /* sunflower15.png in Resources */,
				2146DC391CAD78BD00EA97F7 /* zombie1.png in Resources */,
				2146DC491CAD78BD00EA97F7 /* zombie9.png in Resources */,
				3EACC98F19EE6D4300EB3C5E /* res in Resources */,
				210961361CAE353A0049C266 /* wandou.png in Resources */,
				212BE0B91CAD31FA00F72388 /* small-1.png in Resources */,
				210961161CAE217B0049C266 /* sunflower8.png in Resources */,
				50EF629817ECD46A001EB2F8 /* Icon-80.png in Resources */,
				210961261CAE217B0049C266 /* sunflower16.png in Resources */,
				5087E78417EB970100C73F5D /* Icon-57.png in Resources */,
				2109610E1CAE217B0049C266 /* sunflower4.png in Resources */,
				2109610C1CAE217B0049C266 /* sunflower3.png in Resources */,
				5087E77E17EB970100C73F5D /* Default.png in Resources */,
				210961081CAE217B0049C266 /* sunflower1.png in Resources */,
				2109611C1CAE217B0049C266 /* sunflower11.png in Resources */,
				521A8E6419F0C34300D177D7 /* Default-667h@2x.png in Resources */,
				46880B7B19C43A67006E1F66 /* CloseNormal.png in Resources */,
				210961101CAE217B0049C266 /* sunflower5.png in Resources */,
				211B6EC91CAD681A00EAB7EE /* plant.json in Resources */,
				50EF629717ECD46A001EB2F8 /* Icon-58.png in Resources */,
				21FA00421CB644A400C37D48 /* sunflower.png in Resources */,
				2109611A1CAE217B0049C266 /* sunflower10.png in Resources */,
			);
			runOnlyForDeploymentPostprocessing = 0;
		};
		5087E74817EB910900C73F5D /* Resources */ = {
			isa = PBXResourcesBuildPhase;
			buildActionMask = 2147483647;
			files = (
				210961371CAE353A0049C266 /* wandou.png in Resources */,
				2146DC4A1CAD78BD00EA97F7 /* zombie9.png in Resources */,
				2146DC3A1CAD78BD00EA97F7 /* zombie1.png in Resources */,
				210961231CAE217B0049C266 /* sunflower14.png in Resources */,
				210961191CAE217B0049C266 /* sunflower9.png in Resources */,
				210961131CAE217B0049C266 /* sunflower6.png in Resources */,
				210961291CAE217B0049C266 /* sunflower17.png in Resources */,
				2146DC541CAD78BD00EA97F7 /* zombie14.png in Resources */,
				210961271CAE217B0049C266 /* sunflower16.png in Resources */,
				46880B8219C43A67006E1F66 /* HelloWorld.png in Resources */,
				2109610B1CAE217B0049C266 /* sunflower2.png in Resources */,
				210EC7171CAE780300879FAA /* sun3.png in Resources */,
				503AE0F817EB97AB00D1A890 /* Icon.icns in Resources */,
				210961111CAE217B0049C266 /* sunflower5.png in Resources */,
				212BE0B71CAD301A00F72388 /* background.png in Resources */,
				2146DC4E1CAD78BD00EA97F7 /* zombie11.png in Resources */,
				2109612B1CAE217B0049C266 /* sunflower18.png in Resources */,
				2109610D1CAE217B0049C266 /* sunflower3.png in Resources */,
				210961211CAE217B0049C266 /* sunflower13.png in Resources */,
				3EACC99019EE6D4300EB3C5E /* res in Resources */,
				21FA00471CB652E700C37D48 /* zombie.png in Resources */,
				21FA00481CB652EC00C37D48 /* plant1.png in Resources */,
				210961151CAE217B0049C266 /* sunflower7.png in Resources */,
				2109611F1CAE217B0049C266 /* sunflower12.png in Resources */,
				521A8EAA19F11F5000D177D7 /* fonts in Resources */,
				2146DC501CAD78BD00EA97F7 /* zombie12.png in Resources */,
				2109611B1CAE217B0049C266 /* sunflower10.png in Resources */,
				210EC7191CAE780300879FAA /* sun4.png in Resources */,
				2146DC461CAD78BD00EA97F7 /* zombie7.png in Resources */,
				212BE0BA1CAD31FF00F72388 /* small-1.png in Resources */,
				46880B7C19C43A67006E1F66 /* CloseNormal.png in Resources */,
				210961251CAE217B0049C266 /* sunflower15.png in Resources */,
				210EC71B1CAE780300879FAA /* sun2.png in Resources */,
				2146DC291CAD728A00EA97F7 /* plant.png in Resources */,
				2109611D1CAE217B0049C266 /* sunflower11.png in Resources */,
				211B6ECA1CAD681A00EAB7EE /* plant.json in Resources */,
				46880B7E19C43A67006E1F66 /* CloseSelected.png in Resources */,
				2109610F1CAE217B0049C266 /* sunflower4.png in Resources */,
				2146DC441CAD78BD00EA97F7 /* zombie6.png in Resources */,
				21FA00461CB6478700C37D48 /* sunflower.png in Resources */,
				2146DC4C1CAD78BD00EA97F7 /* zombie10.png in Resources */,
				210EC7151CAE780300879FAA /* sun1.png in Resources */,
				2146DC3E1CAD78BD00EA97F7 /* zombie3.png in Resources */,
				2146DC3C1CAD78BD00EA97F7 /* zombie2.png in Resources */,
				2146DC401CAD78BD00EA97F7 /* zombie4.png in Resources */,
				2146DC421CAD78BD00EA97F7 /* zombie5.png in Resources */,
				210961091CAE217B0049C266 /* sunflower1.png in Resources */,
				2146DC521CAD78BD00EA97F7 /* zombie13.png in Resources */,
				210961171CAE217B0049C266 /* sunflower8.png in Resources */,
				2146DC481CAD78BD00EA97F7 /* zombie8.png in Resources */,
			);
			runOnlyForDeploymentPostprocessing = 0;
		};
/* End PBXResourcesBuildPhase section */

/* Begin PBXSourcesBuildPhase section */
		1D60588E0D05DD3D006BFB54 /* Sources */ = {
			isa = PBXSourcesBuildPhase;
			buildActionMask = 2147483647;
			files = (
				46880B8819C43A87006E1F66 /* AppDelegate.cpp in Sources */,
				2173759F1CAD3900000EBE00 /* Plant.cpp in Sources */,
				2109612E1CAE24740049C266 /* SunFlower.cpp in Sources */,
				214EA6F01CAFFCA600AC1BA1 /* Sun.cpp in Sources */,
				21DECECC1CB3A5E1001362F8 /* BeanShooter.cpp in Sources */,
				215BDC8A1CAE47F5009195AD /* Bean.cpp in Sources */,
				21CA99191CB4A601007CA136 /* GameOverScene.cpp in Sources */,
				46880B8A19C43A87006E1F66 /* HelloWorldScene.cpp in Sources */,
				212AE6BE1CB79E4000520633 /* CountDownLabel.cpp in Sources */,
				503AE10017EB989F00D1A890 /* AppController.mm in Sources */,
				212BE07E1CAD1EDA00F72388 /* MainGameScene.cpp in Sources */,
				211B6ECE1CAD6AD600EAB7EE /* FlashTool.cpp in Sources */,
				21DECED21CB3C187001362F8 /* GameController.cpp in Sources */,
				212BE0821CAD22DE00F72388 /* GrassGround.cpp in Sources */,
				2146DC571CAD78DD00EA97F7 /* Zombie.cpp in Sources */,
				503AE10217EB989F00D1A890 /* RootViewController.mm in Sources */,
				503AE10117EB989F00D1A890 /* main.m in Sources */,
			);
			runOnlyForDeploymentPostprocessing = 0;
		};
		5087E75617EB910900C73F5D /* Sources */ = {
			isa = PBXSourcesBuildPhase;
			buildActionMask = 2147483647;
			files = (
				21CA991A1CB4A601007CA136 /* GameOverScene.cpp in Sources */,
				46880B8919C43A87006E1F66 /* AppDelegate.cpp in Sources */,
				214EA6F11CAFFCA600AC1BA1 /* Sun.cpp in Sources */,
				21DECECD1CB3A5E1001362F8 /* BeanShooter.cpp in Sources */,
				2146DC581CAD78DD00EA97F7 /* Zombie.cpp in Sources */,
				212AE6BF1CB79E4000520633 /* CountDownLabel.cpp in Sources */,
				21DECED31CB3C187001362F8 /* GameController.cpp in Sources */,
				503AE10517EB98FF00D1A890 /* main.cpp in Sources */,
				212BE0831CAD22DE00F72388 /* GrassGround.cpp in Sources */,
				211B6ECF1CAD6AD600EAB7EE /* FlashTool.cpp in Sources */,
				217375A01CAD3900000EBE00 /* Plant.cpp in Sources */,
				46880B8B19C43A87006E1F66 /* HelloWorldScene.cpp in Sources */,
				212BE07F1CAD1EDA00F72388 /* MainGameScene.cpp in Sources */,
				2109612F1CAE24740049C266 /* SunFlower.cpp in Sources */,
				215BDC8B1CAE47F5009195AD /* Bean.cpp in Sources */,
			);
			runOnlyForDeploymentPostprocessing = 0;
		};
/* End PBXSourcesBuildPhase section */

/* Begin PBXTargetDependency section */
		1AC6FB16180E9959004C840B /* PBXTargetDependency */ = {
			isa = PBXTargetDependency;
			name = "cocos2dx Mac";
			targetProxy = 1AC6FB15180E9959004C840B /* PBXContainerItemProxy */;
		};
		1AC6FB25180E99E1004C840B /* PBXTargetDependency */ = {
			isa = PBXTargetDependency;
			name = "cocos2dx iOS";
			targetProxy = 1AC6FB24180E99E1004C840B /* PBXContainerItemProxy */;
		};
/* End PBXTargetDependency section */

/* Begin XCBuildConfiguration section */
		1D6058940D05DD3E006BFB54 /* Debug */ = {
			isa = XCBuildConfiguration;
			buildSettings = {
				ALWAYS_SEARCH_USER_PATHS = YES;
				CODE_SIGN_IDENTITY = "iPhone Developer";
				COMPRESS_PNG_FILES = NO;
				DEVELOPMENT_TEAM = F6SWAY5599;
				ENABLE_BITCODE = NO;
				GCC_DYNAMIC_NO_PIC = NO;
				GCC_INLINES_ARE_PRIVATE_EXTERN = NO;
				GCC_PRECOMPILE_PREFIX_HEADER = YES;
				GCC_PREFIX_HEADER = ios/Prefix.pch;
				GCC_PREPROCESSOR_DEFINITIONS = (
					USE_FILE32API,
					CC_TARGET_OS_IPHONE,
					"COCOS2D_DEBUG=1",
					"CC_ENABLE_CHIPMUNK_INTEGRATION=1",
				);
				GCC_SYMBOLS_PRIVATE_EXTERN = NO;
				HEADER_SEARCH_PATHS = (
					"$(inherited)",
					"$(SRCROOT)/../cocos2d/cocos/platform/ios",
					"$(SRCROOT)/../cocos2d/cocos/platform/ios/Simulation",
				);
				INFOPLIST_FILE = ios/Info.plist;
				IPHONEOS_DEPLOYMENT_TARGET = 6.0;
				LIBRARY_SEARCH_PATHS = "";
				OTHER_LDFLAGS = (
					"$(_COCOS_LIB_IOS_BEGIN)",
					"$(_COCOS_LIB_IOS_END)",
				);
				SDKROOT = iphoneos;
				TARGETED_DEVICE_FAMILY = "1,2";
				USER_HEADER_SEARCH_PATHS = "$(_COCOS_HEADER_IOS_BEGIN) $(_COCOS_HEADER_IOS_END)";
				VALID_ARCHS = "arm64 armv7";
			};
			name = Debug;
		};
		1D6058950D05DD3E006BFB54 /* Release */ = {
			isa = XCBuildConfiguration;
			buildSettings = {
				ALWAYS_SEARCH_USER_PATHS = YES;
				CODE_SIGN_IDENTITY = "iPhone Developer";
				COMPRESS_PNG_FILES = NO;
				DEVELOPMENT_TEAM = F6SWAY5599;
				ENABLE_BITCODE = NO;
				GCC_INLINES_ARE_PRIVATE_EXTERN = NO;
				GCC_PRECOMPILE_PREFIX_HEADER = YES;
				GCC_PREFIX_HEADER = ios/Prefix.pch;
				GCC_PREPROCESSOR_DEFINITIONS = (
					USE_FILE32API,
					CC_TARGET_OS_IPHONE,
					"CC_ENABLE_CHIPMUNK_INTEGRATION=1",
				);
				GCC_SYMBOLS_PRIVATE_EXTERN = NO;
				HEADER_SEARCH_PATHS = (
					"$(inherited)",
					"$(SRCROOT)/../cocos2d/cocos/platform/ios",
					"$(SRCROOT)/../cocos2d/cocos/platform/ios/Simulation",
				);
				INFOPLIST_FILE = ios/Info.plist;
				IPHONEOS_DEPLOYMENT_TARGET = 6.0;
				LIBRARY_SEARCH_PATHS = "";
				OTHER_LDFLAGS = (
					"$(_COCOS_LIB_IOS_BEGIN)",
					"$(_COCOS_LIB_IOS_END)",
				);
				SDKROOT = iphoneos;
				TARGETED_DEVICE_FAMILY = "1,2";
				USER_HEADER_SEARCH_PATHS = "$(_COCOS_HEADER_IOS_BEGIN) $(_COCOS_HEADER_IOS_END)";
				VALID_ARCHS = "arm64 armv7";
			};
			name = Release;
		};
		5087E76D17EB910900C73F5D /* Debug */ = {
			isa = XCBuildConfiguration;
			buildSettings = {
				ALWAYS_SEARCH_USER_PATHS = YES;
				ARCHS = "$(ARCHS_STANDARD_64_BIT)";
				CLANG_CXX_LANGUAGE_STANDARD = "c++0x";
				CLANG_CXX_LIBRARY = "libc++";
				GCC_DYNAMIC_NO_PIC = NO;
				GCC_INLINES_ARE_PRIVATE_EXTERN = NO;
				GCC_PRECOMPILE_PREFIX_HEADER = YES;
				GCC_PREFIX_HEADER = mac/Prefix.pch;
				GCC_PREPROCESSOR_DEFINITIONS = (
					USE_FILE32API,
					CC_TARGET_OS_MAC,
					"COCOS2D_DEBUG=1",
					"CC_ENABLE_CHIPMUNK_INTEGRATION=1",
				);
				GCC_SYMBOLS_PRIVATE_EXTERN = NO;
				HEADER_SEARCH_PATHS = (
					"$(inherited)",
					"$(SRCROOT)/../cocos2d/cocos/platform/mac",
					"$(SRCROOT)/../cocos2d/external/glfw3/include/mac",
				);
				INFOPLIST_FILE = mac/Info.plist;
				LIBRARY_SEARCH_PATHS = "";
				OTHER_LDFLAGS = (
					"$(_COCOS_LIB_MAC_BEGIN)",
					"$(_COCOS_LIB_MAC_END)",
				);
				USER_HEADER_SEARCH_PATHS = "$(_COCOS_HEADER_MAC_BEGIN) $(_COCOS_HEADER_MAC_END)";
			};
			name = Debug;
		};
		5087E76E17EB910900C73F5D /* Release */ = {
			isa = XCBuildConfiguration;
			buildSettings = {
				ALWAYS_SEARCH_USER_PATHS = YES;
				ARCHS = "$(ARCHS_STANDARD_64_BIT)";
				CLANG_CXX_LANGUAGE_STANDARD = "c++0x";
				CLANG_CXX_LIBRARY = "libc++";
				GCC_INLINES_ARE_PRIVATE_EXTERN = NO;
				GCC_PRECOMPILE_PREFIX_HEADER = YES;
				GCC_PREFIX_HEADER = mac/Prefix.pch;
				GCC_PREPROCESSOR_DEFINITIONS = (
					USE_FILE32API,
					CC_TARGET_OS_MAC,
					"CC_ENABLE_CHIPMUNK_INTEGRATION=1",
				);
				GCC_SYMBOLS_PRIVATE_EXTERN = NO;
				HEADER_SEARCH_PATHS = (
					"$(inherited)",
					"$(SRCROOT)/../cocos2d/cocos/platform/mac",
					"$(SRCROOT)/../cocos2d/external/glfw3/include/mac",
				);
				INFOPLIST_FILE = mac/Info.plist;
				LIBRARY_SEARCH_PATHS = "";
				OTHER_LDFLAGS = (
					"$(_COCOS_LIB_MAC_BEGIN)",
					"$(_COCOS_LIB_MAC_END)",
				);
				USER_HEADER_SEARCH_PATHS = "$(_COCOS_HEADER_MAC_BEGIN) $(_COCOS_HEADER_MAC_END)";
			};
			name = Release;
		};
		C01FCF4F08A954540054247B /* Debug */ = {
			isa = XCBuildConfiguration;
			buildSettings = {
				CLANG_CXX_LANGUAGE_STANDARD = "c++0x";
				CLANG_CXX_LIBRARY = "libc++";
				COPY_PHASE_STRIP = NO;
				GCC_OPTIMIZATION_LEVEL = 0;
				GCC_WARN_ABOUT_RETURN_TYPE = YES;
				GCC_WARN_UNUSED_VARIABLE = YES;
				HEADER_SEARCH_PATHS = (
					"$(SRCROOT)/../cocos2d",
					"$(SRCROOT)/../cocos2d/cocos",
					"$(SRCROOT)/../cocos2d/cocos/base",
					"$(SRCROOT)/../cocos2d/cocos/physics",
					"$(SRCROOT)/../cocos2d/cocos/math",
					"$(SRCROOT)/../cocos2d/cocos/2d",
					"$(SRCROOT)/../cocos2d/cocos/ui",
					"$(SRCROOT)/../cocos2d/cocos/network",
					"$(SRCROOT)/../cocos2d/cocos/audio/include",
					"$(SRCROOT)/../cocos2d/cocos/editor-support",
					"$(SRCROOT)/../cocos2d/extensions",
					"$(SRCROOT)/../cocos2d/external",
					"$(SRCROOT)/../cocos2d/external/chipmunk/include/chipmunk",
				);
				IPHONEOS_DEPLOYMENT_TARGET = 6.0;
				MACOSX_DEPLOYMENT_TARGET = 10.7;
				ONLY_ACTIVE_ARCH = YES;
				PRODUCT_NAME = "$(TARGET_NAME)";
				SDKROOT = macosx;
			};
			name = Debug;
		};
		C01FCF5008A954540054247B /* Release */ = {
			isa = XCBuildConfiguration;
			buildSettings = {
				CLANG_CXX_LANGUAGE_STANDARD = "c++0x";
				CLANG_CXX_LIBRARY = "libc++";
				GCC_WARN_ABOUT_RETURN_TYPE = YES;
				GCC_WARN_UNUSED_VARIABLE = YES;
				HEADER_SEARCH_PATHS = (
					"$(SRCROOT)/../cocos2d",
					"$(SRCROOT)/../cocos2d/cocos",
					"$(SRCROOT)/../cocos2d/cocos/base",
					"$(SRCROOT)/../cocos2d/cocos/physics",
					"$(SRCROOT)/../cocos2d/cocos/math",
					"$(SRCROOT)/../cocos2d/cocos/2d",
					"$(SRCROOT)/../cocos2d/cocos/ui",
					"$(SRCROOT)/../cocos2d/cocos/network",
					"$(SRCROOT)/../cocos2d/cocos/audio/include",
					"$(SRCROOT)/../cocos2d/cocos/editor-support",
					"$(SRCROOT)/../cocos2d/extensions",
					"$(SRCROOT)/../cocos2d/external",
					"$(SRCROOT)/../cocos2d/external/chipmunk/include/chipmunk",
				);
				IPHONEOS_DEPLOYMENT_TARGET = 6.0;
				MACOSX_DEPLOYMENT_TARGET = 10.7;
				OTHER_CFLAGS = "-DNS_BLOCK_ASSERTIONS=1";
				PRODUCT_NAME = "$(TARGET_NAME)";
				SDKROOT = macosx;
				VALIDATE_PRODUCT = YES;
			};
			name = Release;
		};
/* End XCBuildConfiguration section */

/* Begin XCConfigurationList section */
		1D6058960D05DD3E006BFB54 /* Build configuration list for PBXNativeTarget "PlantsVsZombies-mobile" */ = {
			isa = XCConfigurationList;
			buildConfigurations = (
				1D6058940D05DD3E006BFB54 /* Debug */,
				1D6058950D05DD3E006BFB54 /* Release */,
			);
			defaultConfigurationIsVisible = 0;
			defaultConfigurationName = Debug;
		};
		5087E76C17EB910900C73F5D /* Build configuration list for PBXNativeTarget "PlantsVsZombies-desktop" */ = {
			isa = XCConfigurationList;
			buildConfigurations = (
				5087E76D17EB910900C73F5D /* Debug */,
				5087E76E17EB910900C73F5D /* Release */,
			);
			defaultConfigurationIsVisible = 0;
			defaultConfigurationName = Debug;
		};
		C01FCF4E08A954540054247B /* Build configuration list for PBXProject "PlantsVsZombies" */ = {
			isa = XCConfigurationList;
			buildConfigurations = (
				C01FCF4F08A954540054247B /* Debug */,
				C01FCF5008A954540054247B /* Release */,
			);
			defaultConfigurationIsVisible = 0;
			defaultConfigurationName = Debug;
		};
/* End XCConfigurationList section */
	};
	rootObject = 29B97313FDCFA39411CA2CEA /* Project object */;
}
